// !$*UTF8*$!
{
	archiveVersion = 1;
	classes = {
	};
	objectVersion = 55;
	objects = {

/* Begin PBXBuildFile section */
		0C0167DC29293FA900B65783 /* RealDebridModels.swift in Sources */ = {isa = PBXBuildFile; fileRef = 0C0167DB29293FA900B65783 /* RealDebridModels.swift */; };
		0C03EB71296F619900162E9A /* PluginList+CoreDataClass.swift in Sources */ = {isa = PBXBuildFile; fileRef = 0C03EB6F296F619900162E9A /* PluginList+CoreDataClass.swift */; };
		0C03EB72296F619900162E9A /* PluginList+CoreDataProperties.swift in Sources */ = {isa = PBXBuildFile; fileRef = 0C03EB70296F619900162E9A /* PluginList+CoreDataProperties.swift */; };
		0C0755C6293424A200ECA142 /* DebridLabelView.swift in Sources */ = {isa = PBXBuildFile; fileRef = 0C0755C5293424A200ECA142 /* DebridLabelView.swift */; };
		0C0755C8293425B500ECA142 /* DebridManagerModels.swift in Sources */ = {isa = PBXBuildFile; fileRef = 0C0755C7293425B500ECA142 /* DebridManagerModels.swift */; };
		0C0D50E5288DFE7F0035ECC8 /* SourceModels.swift in Sources */ = {isa = PBXBuildFile; fileRef = 0C0D50E4288DFE7F0035ECC8 /* SourceModels.swift */; };
		0C0D50E7288DFF850035ECC8 /* PluginAggregateView.swift in Sources */ = {isa = PBXBuildFile; fileRef = 0C0D50E6288DFF850035ECC8 /* PluginAggregateView.swift */; };
		0C10848B28BD9A38008F0BA6 /* SettingsAppVersionView.swift in Sources */ = {isa = PBXBuildFile; fileRef = 0C10848A28BD9A38008F0BA6 /* SettingsAppVersionView.swift */; };
		0C12D43D28CC332A000195BF /* HistoryButtonView.swift in Sources */ = {isa = PBXBuildFile; fileRef = 0C12D43C28CC332A000195BF /* HistoryButtonView.swift */; };
		0C2886D22960AC2800D6FC16 /* DebridCloudView.swift in Sources */ = {isa = PBXBuildFile; fileRef = 0C2886D12960AC2800D6FC16 /* DebridCloudView.swift */; };
		0C2886D72960C50900D6FC16 /* RealDebridCloudView.swift in Sources */ = {isa = PBXBuildFile; fileRef = 0C2886D62960C50900D6FC16 /* RealDebridCloudView.swift */; };
		0C2D9653299316CC00A504B6 /* Tag.swift in Sources */ = {isa = PBXBuildFile; fileRef = 0C2D9652299316CC00A504B6 /* Tag.swift */; };
		0C2DD4CF29A6D47400293FC3 /* SwiftUIX in Frameworks */ = {isa = PBXBuildFile; productRef = 0C2DD4CE29A6D47400293FC3 /* SwiftUIX */; };
		0C31133C28B1ABFA004DCB0D /* SourceJsonParser+CoreDataClass.swift in Sources */ = {isa = PBXBuildFile; fileRef = 0C31133A28B1ABFA004DCB0D /* SourceJsonParser+CoreDataClass.swift */; };
		0C31133D28B1ABFA004DCB0D /* SourceJsonParser+CoreDataProperties.swift in Sources */ = {isa = PBXBuildFile; fileRef = 0C31133B28B1ABFA004DCB0D /* SourceJsonParser+CoreDataProperties.swift */; };
		0C32FB532890D19D002BD219 /* AboutView.swift in Sources */ = {isa = PBXBuildFile; fileRef = 0C32FB522890D19D002BD219 /* AboutView.swift */; };
		0C32FB572890D1F2002BD219 /* ListRowViews.swift in Sources */ = {isa = PBXBuildFile; fileRef = 0C32FB562890D1F2002BD219 /* ListRowViews.swift */; };
		0C360C5C28C7DF1400884ED3 /* DynamicFetchRequest.swift in Sources */ = {isa = PBXBuildFile; fileRef = 0C360C5B28C7DF1400884ED3 /* DynamicFetchRequest.swift */; };
		0C391ECB28CAA44B009F1CA1 /* AlertButton.swift in Sources */ = {isa = PBXBuildFile; fileRef = 0C391ECA28CAA44B009F1CA1 /* AlertButton.swift */; };
		0C3DD43F29B6968D006429DB /* KodiEditorView.swift in Sources */ = {isa = PBXBuildFile; fileRef = 0C3DD43E29B6968D006429DB /* KodiEditorView.swift */; };
		0C3DD44229B6ACD9006429DB /* KodiServer+CoreDataClass.swift in Sources */ = {isa = PBXBuildFile; fileRef = 0C3DD44029B6ACD9006429DB /* KodiServer+CoreDataClass.swift */; };
		0C3DD44329B6ACD9006429DB /* KodiServer+CoreDataProperties.swift in Sources */ = {isa = PBXBuildFile; fileRef = 0C3DD44129B6ACD9006429DB /* KodiServer+CoreDataProperties.swift */; };
		0C3E00D0296F4DB200ECECB2 /* ActionModels.swift in Sources */ = {isa = PBXBuildFile; fileRef = 0C3E00CF296F4DB200ECECB2 /* ActionModels.swift */; };
		0C3E00D2296F4FD200ECECB2 /* PluginsView.swift in Sources */ = {isa = PBXBuildFile; fileRef = 0C3E00D1296F4FD200ECECB2 /* PluginsView.swift */; };
		0C3E00D8296F5B9A00ECECB2 /* PluginModels.swift in Sources */ = {isa = PBXBuildFile; fileRef = 0C3E00D7296F5B9A00ECECB2 /* PluginModels.swift */; };
		0C41BC6328C2AD0F00B47DD6 /* SearchResultButtonView.swift in Sources */ = {isa = PBXBuildFile; fileRef = 0C41BC6228C2AD0F00B47DD6 /* SearchResultButtonView.swift */; };
		0C41BC6528C2AEB900B47DD6 /* SearchModels.swift in Sources */ = {isa = PBXBuildFile; fileRef = 0C41BC6428C2AEB900B47DD6 /* SearchModels.swift */; };
		0C422E7E293542EA00486D65 /* PremiumizeWrapper.swift in Sources */ = {isa = PBXBuildFile; fileRef = 0C422E7D293542EA00486D65 /* PremiumizeWrapper.swift */; };
		0C422E80293542F300486D65 /* PremiumizeModels.swift in Sources */ = {isa = PBXBuildFile; fileRef = 0C422E7F293542F300486D65 /* PremiumizeModels.swift */; };
		0C42B5962932F2D5008057A0 /* DebridPickerView.swift in Sources */ = {isa = PBXBuildFile; fileRef = 0C42B5952932F2D5008057A0 /* DebridPickerView.swift */; };
		0C42B5982932F6DD008057A0 /* Set.swift in Sources */ = {isa = PBXBuildFile; fileRef = 0C42B5972932F6DD008057A0 /* Set.swift */; };
		0C445C62293F9A0B0060744D /* Bundle.swift in Sources */ = {isa = PBXBuildFile; fileRef = 0C445C61293F9A0B0060744D /* Bundle.swift */; };
		0C448BE929A135F100F4E266 /* Introspect-Static in Frameworks */ = {isa = PBXBuildFile; productRef = 0C448BE829A135F100F4E266 /* Introspect-Static */; };
		0C44E2A828D4DDDC007711AE /* Application.swift in Sources */ = {isa = PBXBuildFile; fileRef = 0C44E2A728D4DDDC007711AE /* Application.swift */; };
		0C44E2AD28D51C63007711AE /* BackupManager.swift in Sources */ = {isa = PBXBuildFile; fileRef = 0C44E2AC28D51C63007711AE /* BackupManager.swift */; };
		0C44E2AF28D52E8A007711AE /* BackupsView.swift in Sources */ = {isa = PBXBuildFile; fileRef = 0C44E2AE28D52E8A007711AE /* BackupsView.swift */; };
		0C4CFC462897030D00AD9FAD /* Regex in Frameworks */ = {isa = PBXBuildFile; productRef = 0C4CFC452897030D00AD9FAD /* Regex */; };
		0C4CFC4D28970C8B00AD9FAD /* SourceComplexQuery+CoreDataClass.swift in Sources */ = {isa = PBXBuildFile; fileRef = 0C4CFC4728970C8B00AD9FAD /* SourceComplexQuery+CoreDataClass.swift */; };
		0C4CFC4E28970C8B00AD9FAD /* SourceComplexQuery+CoreDataProperties.swift in Sources */ = {isa = PBXBuildFile; fileRef = 0C4CFC4828970C8B00AD9FAD /* SourceComplexQuery+CoreDataProperties.swift */; };
		0C5005522992B6750064606A /* PluginTagsView.swift in Sources */ = {isa = PBXBuildFile; fileRef = 0C5005512992B6750064606A /* PluginTagsView.swift */; };
		0C50055A2992BA6A0064606A /* PluginTag+CoreDataClass.swift in Sources */ = {isa = PBXBuildFile; fileRef = 0C5005582992BA6A0064606A /* PluginTag+CoreDataClass.swift */; };
		0C50055B2992BA6A0064606A /* PluginTag+CoreDataProperties.swift in Sources */ = {isa = PBXBuildFile; fileRef = 0C5005592992BA6A0064606A /* PluginTag+CoreDataProperties.swift */; };
		0C50B7D0299DF63C00A9FA3C /* UIDevice.swift in Sources */ = {isa = PBXBuildFile; fileRef = 0C50B7CF299DF63C00A9FA3C /* UIDevice.swift */; };
		0C54D36328C5086E00BFEEE2 /* History+CoreDataClass.swift in Sources */ = {isa = PBXBuildFile; fileRef = 0C54D36128C5086E00BFEEE2 /* History+CoreDataClass.swift */; };
		0C54D36428C5086E00BFEEE2 /* History+CoreDataProperties.swift in Sources */ = {isa = PBXBuildFile; fileRef = 0C54D36228C5086E00BFEEE2 /* History+CoreDataProperties.swift */; };
		0C5708EB29B8F89300BE07F9 /* SettingsLogView.swift in Sources */ = {isa = PBXBuildFile; fileRef = 0C5708EA29B8F89300BE07F9 /* SettingsLogView.swift */; };
		0C572D4C2993FC2A003EEC05 /* ViewDidAppearHandler.swift in Sources */ = {isa = PBXBuildFile; fileRef = 0C572D4B2993FC2A003EEC05 /* ViewDidAppearHandler.swift */; };
		0C572D4E299403B7003EEC05 /* ViewDidAppear.swift in Sources */ = {isa = PBXBuildFile; fileRef = 0C572D4D299403B7003EEC05 /* ViewDidAppear.swift */; };
		0C57D4CC289032ED008534E8 /* SearchResultInfoView.swift in Sources */ = {isa = PBXBuildFile; fileRef = 0C57D4CB289032ED008534E8 /* SearchResultInfoView.swift */; };
		0C5FCB05296744F300849E87 /* AllDebridCloudView.swift in Sources */ = {isa = PBXBuildFile; fileRef = 0C5FCB04296744F300849E87 /* AllDebridCloudView.swift */; };
		0C64A4B4288903680079976D /* Base32 in Frameworks */ = {isa = PBXBuildFile; productRef = 0C64A4B3288903680079976D /* Base32 */; };
		0C64A4B7288903880079976D /* KeychainSwift in Frameworks */ = {isa = PBXBuildFile; productRef = 0C64A4B6288903880079976D /* KeychainSwift */; };
		0C6771F429B3B4FD005D38D2 /* KodiWrapper.swift in Sources */ = {isa = PBXBuildFile; fileRef = 0C6771F329B3B4FD005D38D2 /* KodiWrapper.swift */; };
		0C6771F629B3B602005D38D2 /* SettingsKodiView.swift in Sources */ = {isa = PBXBuildFile; fileRef = 0C6771F529B3B602005D38D2 /* SettingsKodiView.swift */; };
		0C6771FA29B3D1AE005D38D2 /* KodiModels.swift in Sources */ = {isa = PBXBuildFile; fileRef = 0C6771F929B3D1AE005D38D2 /* KodiModels.swift */; };
		0C6771FC29B3E0DB005D38D2 /* HybridSecureField.swift in Sources */ = {isa = PBXBuildFile; fileRef = 0C6771FB29B3E0DB005D38D2 /* HybridSecureField.swift */; };
		0C6771FE29B521F1005D38D2 /* SettingsDebridInfoView.swift in Sources */ = {isa = PBXBuildFile; fileRef = 0C6771FD29B521F1005D38D2 /* SettingsDebridInfoView.swift */; };
		0C68135028BC1A2D00FAD890 /* GithubWrapper.swift in Sources */ = {isa = PBXBuildFile; fileRef = 0C68134F28BC1A2D00FAD890 /* GithubWrapper.swift */; };
		0C68135228BC1A7C00FAD890 /* GithubModels.swift in Sources */ = {isa = PBXBuildFile; fileRef = 0C68135128BC1A7C00FAD890 /* GithubModels.swift */; };
		0C6C7C9B2931521B002DF910 /* AllDebridWrapper.swift in Sources */ = {isa = PBXBuildFile; fileRef = 0C6C7C9A2931521B002DF910 /* AllDebridWrapper.swift */; };
		0C6C7C9D29315292002DF910 /* AllDebridModels.swift in Sources */ = {isa = PBXBuildFile; fileRef = 0C6C7C9C29315292002DF910 /* AllDebridModels.swift */; };
		0C70E40228C3CE9C00A5C72D /* ConditionalContextMenu.swift in Sources */ = {isa = PBXBuildFile; fileRef = 0C70E40128C3CE9C00A5C72D /* ConditionalContextMenu.swift */; };
		0C70E40628C40C4E00A5C72D /* NotificationCenter.swift in Sources */ = {isa = PBXBuildFile; fileRef = 0C70E40528C40C4E00A5C72D /* NotificationCenter.swift */; };
		0C733287289C4C820058D1FE /* SourceSettingsView.swift in Sources */ = {isa = PBXBuildFile; fileRef = 0C733286289C4C820058D1FE /* SourceSettingsView.swift */; };
		0C7506D728B1AC9A008BEE38 /* SwiftyJSON in Frameworks */ = {isa = PBXBuildFile; productRef = 0C7506D628B1AC9A008BEE38 /* SwiftyJSON */; };
		0C750744289B003E004B3906 /* SourceRssParser+CoreDataClass.swift in Sources */ = {isa = PBXBuildFile; fileRef = 0C750742289B003E004B3906 /* SourceRssParser+CoreDataClass.swift */; };
		0C750745289B003E004B3906 /* SourceRssParser+CoreDataProperties.swift in Sources */ = {isa = PBXBuildFile; fileRef = 0C750743289B003E004B3906 /* SourceRssParser+CoreDataProperties.swift */; };
		0C78041D28BFB3EA001E8CA3 /* String.swift in Sources */ = {isa = PBXBuildFile; fileRef = 0C78041C28BFB3EA001E8CA3 /* String.swift */; };
		0C794B69289DACC800DD1CC8 /* InstalledPluginButtonView.swift in Sources */ = {isa = PBXBuildFile; fileRef = 0C794B68289DACC800DD1CC8 /* InstalledPluginButtonView.swift */; };
		0C794B6B289DACF100DD1CC8 /* PluginCatalogButtonView.swift in Sources */ = {isa = PBXBuildFile; fileRef = 0C794B6A289DACF100DD1CC8 /* PluginCatalogButtonView.swift */; };
		0C794B6D289EFA2E00DD1CC8 /* LaunchScreen.storyboard in Resources */ = {isa = PBXBuildFile; fileRef = 0C794B6C289EFA2E00DD1CC8 /* LaunchScreen.storyboard */; };
		0C79DC072899AF3C003F1C5A /* SourceSeedLeech+CoreDataClass.swift in Sources */ = {isa = PBXBuildFile; fileRef = 0C79DC052899AF3C003F1C5A /* SourceSeedLeech+CoreDataClass.swift */; };
		0C79DC082899AF3C003F1C5A /* SourceSeedLeech+CoreDataProperties.swift in Sources */ = {isa = PBXBuildFile; fileRef = 0C79DC062899AF3C003F1C5A /* SourceSeedLeech+CoreDataProperties.swift */; };
		0C7C128628DAA3CD00381CD1 /* URL.swift in Sources */ = {isa = PBXBuildFile; fileRef = 0C7C128528DAA3CD00381CD1 /* URL.swift */; };
		0C7D11FE28AA03FE00ED92DB /* View.swift in Sources */ = {isa = PBXBuildFile; fileRef = 0C7D11FD28AA03FE00ED92DB /* View.swift */; };
		0C7ED14128D61BBA009E29AD /* BackupModels.swift in Sources */ = {isa = PBXBuildFile; fileRef = 0C7ED14028D61BBA009E29AD /* BackupModels.swift */; };
		0C7ED14328D65518009E29AD /* FileManager.swift in Sources */ = {isa = PBXBuildFile; fileRef = 0C7ED14228D65518009E29AD /* FileManager.swift */; };
		0C84F4772895BE680074B7C9 /* FerriteDB.xcdatamodeld in Sources */ = {isa = PBXBuildFile; fileRef = 0C84F4752895BE680074B7C9 /* FerriteDB.xcdatamodeld */; };
		0C84F4822895BFED0074B7C9 /* Source+CoreDataClass.swift in Sources */ = {isa = PBXBuildFile; fileRef = 0C84F47A2895BFED0074B7C9 /* Source+CoreDataClass.swift */; };
		0C84F4832895BFED0074B7C9 /* Source+CoreDataProperties.swift in Sources */ = {isa = PBXBuildFile; fileRef = 0C84F47B2895BFED0074B7C9 /* Source+CoreDataProperties.swift */; };
		0C84F4842895BFED0074B7C9 /* SourceHtmlParser+CoreDataClass.swift in Sources */ = {isa = PBXBuildFile; fileRef = 0C84F47C2895BFED0074B7C9 /* SourceHtmlParser+CoreDataClass.swift */; };
		0C84F4852895BFED0074B7C9 /* SourceHtmlParser+CoreDataProperties.swift in Sources */ = {isa = PBXBuildFile; fileRef = 0C84F47D2895BFED0074B7C9 /* SourceHtmlParser+CoreDataProperties.swift */; };
		0C871BDF29994D9D005279AC /* FilterLabelView.swift in Sources */ = {isa = PBXBuildFile; fileRef = 0C871BDE29994D9D005279AC /* FilterLabelView.swift */; };
		0C95D8D828A55B03005E22B3 /* DefaultActionPickerView.swift in Sources */ = {isa = PBXBuildFile; fileRef = 0C95D8D728A55B03005E22B3 /* DefaultActionPickerView.swift */; };
		0CA05457288EE58200850554 /* SettingsPluginListView.swift in Sources */ = {isa = PBXBuildFile; fileRef = 0CA05456288EE58200850554 /* SettingsPluginListView.swift */; };
		0CA05459288EE9E600850554 /* PluginManager.swift in Sources */ = {isa = PBXBuildFile; fileRef = 0CA05458288EE9E600850554 /* PluginManager.swift */; };
		0CA0545B288EEA4E00850554 /* PluginListEditorView.swift in Sources */ = {isa = PBXBuildFile; fileRef = 0CA0545A288EEA4E00850554 /* PluginListEditorView.swift */; };
		0CA148D6288903F000DE2211 /* SettingsView.swift in Sources */ = {isa = PBXBuildFile; fileRef = 0CA148BB288903F000DE2211 /* SettingsView.swift */; };
		0CA148D7288903F000DE2211 /* LoginWebView.swift in Sources */ = {isa = PBXBuildFile; fileRef = 0CA148BC288903F000DE2211 /* LoginWebView.swift */; };
		0CA148D8288903F000DE2211 /* ActionChoiceView.swift in Sources */ = {isa = PBXBuildFile; fileRef = 0CA148BD288903F000DE2211 /* ActionChoiceView.swift */; };
		0CA148DB288903F000DE2211 /* NavView.swift in Sources */ = {isa = PBXBuildFile; fileRef = 0CA148C1288903F000DE2211 /* NavView.swift */; };
		0CA148DC288903F000DE2211 /* Assets.xcassets in Resources */ = {isa = PBXBuildFile; fileRef = 0CA148C2288903F000DE2211 /* Assets.xcassets */; };
		0CA148DD288903F000DE2211 /* ScrapingViewModel.swift in Sources */ = {isa = PBXBuildFile; fileRef = 0CA148C3288903F000DE2211 /* ScrapingViewModel.swift */; };
		0CA148DF288903F000DE2211 /* Preview Assets.xcassets in Resources */ = {isa = PBXBuildFile; fileRef = 0CA148C6288903F000DE2211 /* Preview Assets.xcassets */; };
		0CA148E0288903F000DE2211 /* FerriteApp.swift in Sources */ = {isa = PBXBuildFile; fileRef = 0CA148C7288903F000DE2211 /* FerriteApp.swift */; };
		0CA148E1288903F000DE2211 /* Collection.swift in Sources */ = {isa = PBXBuildFile; fileRef = 0CA148C9288903F000DE2211 /* Collection.swift */; };
		0CA148E2288903F000DE2211 /* Data.swift in Sources */ = {isa = PBXBuildFile; fileRef = 0CA148CA288903F000DE2211 /* Data.swift */; };
		0CA148E3288903F000DE2211 /* Task.swift in Sources */ = {isa = PBXBuildFile; fileRef = 0CA148CB288903F000DE2211 /* Task.swift */; };
		0CA148E5288903F000DE2211 /* DebridManager.swift in Sources */ = {isa = PBXBuildFile; fileRef = 0CA148CD288903F000DE2211 /* DebridManager.swift */; };
		0CA148E6288903F000DE2211 /* WebView.swift in Sources */ = {isa = PBXBuildFile; fileRef = 0CA148CE288903F000DE2211 /* WebView.swift */; };
		0CA148E7288903F000DE2211 /* LoggingManager.swift in Sources */ = {isa = PBXBuildFile; fileRef = 0CA148CF288903F000DE2211 /* LoggingManager.swift */; };
		0CA148E8288903F000DE2211 /* RealDebridWrapper.swift in Sources */ = {isa = PBXBuildFile; fileRef = 0CA148D0288903F000DE2211 /* RealDebridWrapper.swift */; };
		0CA148E9288903F000DE2211 /* MainView.swift in Sources */ = {isa = PBXBuildFile; fileRef = 0CA148D1288903F000DE2211 /* MainView.swift */; };
		0CA148EC288903F000DE2211 /* ContentView.swift in Sources */ = {isa = PBXBuildFile; fileRef = 0CA148D4288903F000DE2211 /* ContentView.swift */; };
		0CA3B23428C2658700616D3A /* LibraryView.swift in Sources */ = {isa = PBXBuildFile; fileRef = 0CA3B23328C2658700616D3A /* LibraryView.swift */; };
		0CA3B23728C2660700616D3A /* HistoryView.swift in Sources */ = {isa = PBXBuildFile; fileRef = 0CA3B23628C2660700616D3A /* HistoryView.swift */; };
		0CA3B23928C2660D00616D3A /* BookmarksView.swift in Sources */ = {isa = PBXBuildFile; fileRef = 0CA3B23828C2660D00616D3A /* BookmarksView.swift */; };
		0CA3B23C28C2AA5600616D3A /* Bookmark+CoreDataClass.swift in Sources */ = {isa = PBXBuildFile; fileRef = 0CA3B23A28C2AA5600616D3A /* Bookmark+CoreDataClass.swift */; };
		0CA3B23D28C2AA5600616D3A /* Bookmark+CoreDataProperties.swift in Sources */ = {isa = PBXBuildFile; fileRef = 0CA3B23B28C2AA5600616D3A /* Bookmark+CoreDataProperties.swift */; };
		0CA3FB2028B91D9500FA10A8 /* IndeterminateProgressView.swift in Sources */ = {isa = PBXBuildFile; fileRef = 0CA3FB1F28B91D9500FA10A8 /* IndeterminateProgressView.swift */; };
		0CA429F828C5098D000D0610 /* DateFormatter.swift in Sources */ = {isa = PBXBuildFile; fileRef = 0CA429F728C5098D000D0610 /* DateFormatter.swift */; };
		0CAF1C7B286F5C8600296F86 /* SwiftSoup in Frameworks */ = {isa = PBXBuildFile; productRef = 0CAF1C7A286F5C8600296F86 /* SwiftSoup */; };
		0CAF9319296399190050812A /* PremiumizeCloudView.swift in Sources */ = {isa = PBXBuildFile; fileRef = 0CAF9318296399190050812A /* PremiumizeCloudView.swift */; };
		0CB0AB5F29BD2A200015422C /* KodiServerView.swift in Sources */ = {isa = PBXBuildFile; fileRef = 0CB0AB5E29BD2A200015422C /* KodiServerView.swift */; };
		0CB6516328C5A57300DCA721 /* ConditionalId.swift in Sources */ = {isa = PBXBuildFile; fileRef = 0CB6516228C5A57300DCA721 /* ConditionalId.swift */; };
		0CB6516528C5A5D700DCA721 /* InlinedList.swift in Sources */ = {isa = PBXBuildFile; fileRef = 0CB6516428C5A5D700DCA721 /* InlinedList.swift */; };
		0CB6516A28C5B4A600DCA721 /* InlineHeader.swift in Sources */ = {isa = PBXBuildFile; fileRef = 0CB6516928C5B4A600DCA721 /* InlineHeader.swift */; };
		0CBAB83628D12ED500AC903E /* DisableInteraction.swift in Sources */ = {isa = PBXBuildFile; fileRef = 0CBAB83528D12ED500AC903E /* DisableInteraction.swift */; };
		0CBC76FD288D914F0054BE44 /* BatchChoiceView.swift in Sources */ = {isa = PBXBuildFile; fileRef = 0CBC76FC288D914F0054BE44 /* BatchChoiceView.swift */; };
		0CBC76FF288DAAD00054BE44 /* NavigationViewModel.swift in Sources */ = {isa = PBXBuildFile; fileRef = 0CBC76FE288DAAD00054BE44 /* NavigationViewModel.swift */; };
		0CBC7705288DE7F40054BE44 /* PersistenceController.swift in Sources */ = {isa = PBXBuildFile; fileRef = 0CBC7704288DE7F40054BE44 /* PersistenceController.swift */; };
		0CC389532970AD900066D06F /* Action+CoreDataClass.swift in Sources */ = {isa = PBXBuildFile; fileRef = 0CC389512970AD900066D06F /* Action+CoreDataClass.swift */; };
		0CC389542970AD900066D06F /* Action+CoreDataProperties.swift in Sources */ = {isa = PBXBuildFile; fileRef = 0CC389522970AD900066D06F /* Action+CoreDataProperties.swift */; };
		0CD4CAC628C980EB0046E1DC /* HistoryActionsView.swift in Sources */ = {isa = PBXBuildFile; fileRef = 0CD4CAC528C980EB0046E1DC /* HistoryActionsView.swift */; };
		0CD5E78928CD932B001BF684 /* DisabledAppearance.swift in Sources */ = {isa = PBXBuildFile; fileRef = 0CD5E78828CD932B001BF684 /* DisabledAppearance.swift */; };
		0CD5F1FB299BEFBE00476DDB /* CustomScopeBar.swift in Sources */ = {isa = PBXBuildFile; fileRef = 0CD5F1FA299BEFBE00476DDB /* CustomScopeBar.swift */; };
		0CD5F1FD299C083B00476DDB /* PluginPickerView.swift in Sources */ = {isa = PBXBuildFile; fileRef = 0CD5F1FC299C083B00476DDB /* PluginPickerView.swift */; };
		0CD72E17293D9928001A7EA4 /* Array.swift in Sources */ = {isa = PBXBuildFile; fileRef = 0CD72E16293D9928001A7EA4 /* Array.swift */; };
		0CDCB91828C662640098B513 /* EmptyInstructionView.swift in Sources */ = {isa = PBXBuildFile; fileRef = 0CDCB91728C662640098B513 /* EmptyInstructionView.swift */; };
		0CDDDE052935235E006810B1 /* BetterSafariView in Frameworks */ = {isa = PBXBuildFile; productRef = 0CDDDE042935235E006810B1 /* BetterSafariView */; };
		0CE1C4182981E8D700418F20 /* Plugin.swift in Sources */ = {isa = PBXBuildFile; fileRef = 0CE1C4172981E8D700418F20 /* Plugin.swift */; };
		0CE66B3A28E640D200F69346 /* Backport.swift in Sources */ = {isa = PBXBuildFile; fileRef = 0CE66B3928E640D200F69346 /* Backport.swift */; };
		0CEC8AAE299B31B6007BFE8F /* SearchFilterHeaderView.swift in Sources */ = {isa = PBXBuildFile; fileRef = 0CEC8AAD299B31B6007BFE8F /* SearchFilterHeaderView.swift */; };
		0CEC8AB2299B3B57007BFE8F /* LibraryPickerView.swift in Sources */ = {isa = PBXBuildFile; fileRef = 0CEC8AB1299B3B57007BFE8F /* LibraryPickerView.swift */; };
/* End PBXBuildFile section */

/* Begin PBXFileReference section */
		0C0167DB29293FA900B65783 /* RealDebridModels.swift */ = {isa = PBXFileReference; lastKnownFileType = sourcecode.swift; path = RealDebridModels.swift; sourceTree = "<group>"; };
		0C03EB6F296F619900162E9A /* PluginList+CoreDataClass.swift */ = {isa = PBXFileReference; lastKnownFileType = sourcecode.swift; path = "PluginList+CoreDataClass.swift"; sourceTree = "<group>"; };
		0C03EB70296F619900162E9A /* PluginList+CoreDataProperties.swift */ = {isa = PBXFileReference; lastKnownFileType = sourcecode.swift; path = "PluginList+CoreDataProperties.swift"; sourceTree = "<group>"; };
		0C0755C5293424A200ECA142 /* DebridLabelView.swift */ = {isa = PBXFileReference; lastKnownFileType = sourcecode.swift; path = DebridLabelView.swift; sourceTree = "<group>"; };
		0C0755C7293425B500ECA142 /* DebridManagerModels.swift */ = {isa = PBXFileReference; lastKnownFileType = sourcecode.swift; path = DebridManagerModels.swift; sourceTree = "<group>"; };
		0C0D50E4288DFE7F0035ECC8 /* SourceModels.swift */ = {isa = PBXFileReference; lastKnownFileType = sourcecode.swift; path = SourceModels.swift; sourceTree = "<group>"; };
		0C0D50E6288DFF850035ECC8 /* PluginAggregateView.swift */ = {isa = PBXFileReference; lastKnownFileType = sourcecode.swift; path = PluginAggregateView.swift; sourceTree = "<group>"; };
		0C10848A28BD9A38008F0BA6 /* SettingsAppVersionView.swift */ = {isa = PBXFileReference; lastKnownFileType = sourcecode.swift; path = SettingsAppVersionView.swift; sourceTree = "<group>"; };
		0C12D43C28CC332A000195BF /* HistoryButtonView.swift */ = {isa = PBXFileReference; lastKnownFileType = sourcecode.swift; path = HistoryButtonView.swift; sourceTree = "<group>"; };
		0C2886D12960AC2800D6FC16 /* DebridCloudView.swift */ = {isa = PBXFileReference; lastKnownFileType = sourcecode.swift; path = DebridCloudView.swift; sourceTree = "<group>"; };
		0C2886D62960C50900D6FC16 /* RealDebridCloudView.swift */ = {isa = PBXFileReference; lastKnownFileType = sourcecode.swift; path = RealDebridCloudView.swift; sourceTree = "<group>"; };
		0C2D9652299316CC00A504B6 /* Tag.swift */ = {isa = PBXFileReference; lastKnownFileType = sourcecode.swift; path = Tag.swift; sourceTree = "<group>"; };
		0C31133A28B1ABFA004DCB0D /* SourceJsonParser+CoreDataClass.swift */ = {isa = PBXFileReference; lastKnownFileType = sourcecode.swift; path = "SourceJsonParser+CoreDataClass.swift"; sourceTree = "<group>"; };
		0C31133B28B1ABFA004DCB0D /* SourceJsonParser+CoreDataProperties.swift */ = {isa = PBXFileReference; lastKnownFileType = sourcecode.swift; path = "SourceJsonParser+CoreDataProperties.swift"; sourceTree = "<group>"; };
		0C32FB522890D19D002BD219 /* AboutView.swift */ = {isa = PBXFileReference; lastKnownFileType = sourcecode.swift; path = AboutView.swift; sourceTree = "<group>"; };
		0C32FB562890D1F2002BD219 /* ListRowViews.swift */ = {isa = PBXFileReference; lastKnownFileType = sourcecode.swift; path = ListRowViews.swift; sourceTree = "<group>"; };
		0C360C5B28C7DF1400884ED3 /* DynamicFetchRequest.swift */ = {isa = PBXFileReference; lastKnownFileType = sourcecode.swift; path = DynamicFetchRequest.swift; sourceTree = "<group>"; };
		0C391ECA28CAA44B009F1CA1 /* AlertButton.swift */ = {isa = PBXFileReference; lastKnownFileType = sourcecode.swift; path = AlertButton.swift; sourceTree = "<group>"; };
		0C3DD43E29B6968D006429DB /* KodiEditorView.swift */ = {isa = PBXFileReference; lastKnownFileType = sourcecode.swift; path = KodiEditorView.swift; sourceTree = "<group>"; };
		0C3DD44029B6ACD9006429DB /* KodiServer+CoreDataClass.swift */ = {isa = PBXFileReference; lastKnownFileType = sourcecode.swift; path = "KodiServer+CoreDataClass.swift"; sourceTree = "<group>"; };
		0C3DD44129B6ACD9006429DB /* KodiServer+CoreDataProperties.swift */ = {isa = PBXFileReference; lastKnownFileType = sourcecode.swift; path = "KodiServer+CoreDataProperties.swift"; sourceTree = "<group>"; };
		0C3E00CF296F4DB200ECECB2 /* ActionModels.swift */ = {isa = PBXFileReference; lastKnownFileType = sourcecode.swift; path = ActionModels.swift; sourceTree = "<group>"; };
		0C3E00D1296F4FD200ECECB2 /* PluginsView.swift */ = {isa = PBXFileReference; lastKnownFileType = sourcecode.swift; path = PluginsView.swift; sourceTree = "<group>"; };
		0C3E00D7296F5B9A00ECECB2 /* PluginModels.swift */ = {isa = PBXFileReference; lastKnownFileType = sourcecode.swift; path = PluginModels.swift; sourceTree = "<group>"; };
		0C3E00D9296F5E4F00ECECB2 /* FerriteDB_v2.xcdatamodel */ = {isa = PBXFileReference; lastKnownFileType = wrapper.xcdatamodel; path = FerriteDB_v2.xcdatamodel; sourceTree = "<group>"; };
		0C41BC6228C2AD0F00B47DD6 /* SearchResultButtonView.swift */ = {isa = PBXFileReference; lastKnownFileType = sourcecode.swift; path = SearchResultButtonView.swift; sourceTree = "<group>"; };
		0C41BC6428C2AEB900B47DD6 /* SearchModels.swift */ = {isa = PBXFileReference; lastKnownFileType = sourcecode.swift; path = SearchModels.swift; sourceTree = "<group>"; };
		0C422E7D293542EA00486D65 /* PremiumizeWrapper.swift */ = {isa = PBXFileReference; lastKnownFileType = sourcecode.swift; path = PremiumizeWrapper.swift; sourceTree = "<group>"; };
		0C422E7F293542F300486D65 /* PremiumizeModels.swift */ = {isa = PBXFileReference; lastKnownFileType = sourcecode.swift; path = PremiumizeModels.swift; sourceTree = "<group>"; };
		0C42B5952932F2D5008057A0 /* DebridPickerView.swift */ = {isa = PBXFileReference; lastKnownFileType = sourcecode.swift; path = DebridPickerView.swift; sourceTree = "<group>"; };
		0C42B5972932F6DD008057A0 /* Set.swift */ = {isa = PBXFileReference; lastKnownFileType = sourcecode.swift; path = Set.swift; sourceTree = "<group>"; };
		0C445C61293F9A0B0060744D /* Bundle.swift */ = {isa = PBXFileReference; lastKnownFileType = sourcecode.swift; path = Bundle.swift; sourceTree = "<group>"; };
		0C44E2A728D4DDDC007711AE /* Application.swift */ = {isa = PBXFileReference; lastKnownFileType = sourcecode.swift; path = Application.swift; sourceTree = "<group>"; };
		0C44E2AC28D51C63007711AE /* BackupManager.swift */ = {isa = PBXFileReference; lastKnownFileType = sourcecode.swift; path = BackupManager.swift; sourceTree = "<group>"; };
		0C44E2AE28D52E8A007711AE /* BackupsView.swift */ = {isa = PBXFileReference; lastKnownFileType = sourcecode.swift; path = BackupsView.swift; sourceTree = "<group>"; };
		0C4CFC4728970C8B00AD9FAD /* SourceComplexQuery+CoreDataClass.swift */ = {isa = PBXFileReference; lastKnownFileType = sourcecode.swift; path = "SourceComplexQuery+CoreDataClass.swift"; sourceTree = "<group>"; };
		0C4CFC4828970C8B00AD9FAD /* SourceComplexQuery+CoreDataProperties.swift */ = {isa = PBXFileReference; lastKnownFileType = sourcecode.swift; path = "SourceComplexQuery+CoreDataProperties.swift"; sourceTree = "<group>"; };
		0C5005512992B6750064606A /* PluginTagsView.swift */ = {isa = PBXFileReference; lastKnownFileType = sourcecode.swift; path = PluginTagsView.swift; sourceTree = "<group>"; };
		0C5005582992BA6A0064606A /* PluginTag+CoreDataClass.swift */ = {isa = PBXFileReference; lastKnownFileType = sourcecode.swift; path = "PluginTag+CoreDataClass.swift"; sourceTree = "<group>"; };
		0C5005592992BA6A0064606A /* PluginTag+CoreDataProperties.swift */ = {isa = PBXFileReference; lastKnownFileType = sourcecode.swift; path = "PluginTag+CoreDataProperties.swift"; sourceTree = "<group>"; };
		0C50B7CF299DF63C00A9FA3C /* UIDevice.swift */ = {isa = PBXFileReference; lastKnownFileType = sourcecode.swift; path = UIDevice.swift; sourceTree = "<group>"; };
		0C54D36128C5086E00BFEEE2 /* History+CoreDataClass.swift */ = {isa = PBXFileReference; lastKnownFileType = sourcecode.swift; path = "History+CoreDataClass.swift"; sourceTree = "<group>"; };
		0C54D36228C5086E00BFEEE2 /* History+CoreDataProperties.swift */ = {isa = PBXFileReference; lastKnownFileType = sourcecode.swift; path = "History+CoreDataProperties.swift"; sourceTree = "<group>"; };
		0C5708EA29B8F89300BE07F9 /* SettingsLogView.swift */ = {isa = PBXFileReference; lastKnownFileType = sourcecode.swift; path = SettingsLogView.swift; sourceTree = "<group>"; };
		0C572D4B2993FC2A003EEC05 /* ViewDidAppearHandler.swift */ = {isa = PBXFileReference; lastKnownFileType = sourcecode.swift; path = ViewDidAppearHandler.swift; sourceTree = "<group>"; };
		0C572D4D299403B7003EEC05 /* ViewDidAppear.swift */ = {isa = PBXFileReference; lastKnownFileType = sourcecode.swift; path = ViewDidAppear.swift; sourceTree = "<group>"; };
		0C57D4CB289032ED008534E8 /* SearchResultInfoView.swift */ = {isa = PBXFileReference; lastKnownFileType = sourcecode.swift; path = SearchResultInfoView.swift; sourceTree = "<group>"; };
		0C5FCB04296744F300849E87 /* AllDebridCloudView.swift */ = {isa = PBXFileReference; lastKnownFileType = sourcecode.swift; path = AllDebridCloudView.swift; sourceTree = "<group>"; };
		0C6771F329B3B4FD005D38D2 /* KodiWrapper.swift */ = {isa = PBXFileReference; lastKnownFileType = sourcecode.swift; path = KodiWrapper.swift; sourceTree = "<group>"; };
		0C6771F529B3B602005D38D2 /* SettingsKodiView.swift */ = {isa = PBXFileReference; lastKnownFileType = sourcecode.swift; path = SettingsKodiView.swift; sourceTree = "<group>"; };
		0C6771F929B3D1AE005D38D2 /* KodiModels.swift */ = {isa = PBXFileReference; lastKnownFileType = sourcecode.swift; path = KodiModels.swift; sourceTree = "<group>"; };
		0C6771FB29B3E0DB005D38D2 /* HybridSecureField.swift */ = {isa = PBXFileReference; lastKnownFileType = sourcecode.swift; path = HybridSecureField.swift; sourceTree = "<group>"; };
		0C6771FD29B521F1005D38D2 /* SettingsDebridInfoView.swift */ = {isa = PBXFileReference; lastKnownFileType = sourcecode.swift; path = SettingsDebridInfoView.swift; sourceTree = "<group>"; };
		0C68134F28BC1A2D00FAD890 /* GithubWrapper.swift */ = {isa = PBXFileReference; lastKnownFileType = sourcecode.swift; path = GithubWrapper.swift; sourceTree = "<group>"; };
		0C68135128BC1A7C00FAD890 /* GithubModels.swift */ = {isa = PBXFileReference; lastKnownFileType = sourcecode.swift; path = GithubModels.swift; sourceTree = "<group>"; };
		0C6C7C9A2931521B002DF910 /* AllDebridWrapper.swift */ = {isa = PBXFileReference; lastKnownFileType = sourcecode.swift; path = AllDebridWrapper.swift; sourceTree = "<group>"; };
		0C6C7C9C29315292002DF910 /* AllDebridModels.swift */ = {isa = PBXFileReference; lastKnownFileType = sourcecode.swift; path = AllDebridModels.swift; sourceTree = "<group>"; };
		0C70E40128C3CE9C00A5C72D /* ConditionalContextMenu.swift */ = {isa = PBXFileReference; lastKnownFileType = sourcecode.swift; path = ConditionalContextMenu.swift; sourceTree = "<group>"; };
		0C70E40528C40C4E00A5C72D /* NotificationCenter.swift */ = {isa = PBXFileReference; lastKnownFileType = sourcecode.swift; path = NotificationCenter.swift; sourceTree = "<group>"; };
		0C733286289C4C820058D1FE /* SourceSettingsView.swift */ = {isa = PBXFileReference; lastKnownFileType = sourcecode.swift; path = SourceSettingsView.swift; sourceTree = "<group>"; };
		0C750742289B003E004B3906 /* SourceRssParser+CoreDataClass.swift */ = {isa = PBXFileReference; lastKnownFileType = sourcecode.swift; path = "SourceRssParser+CoreDataClass.swift"; sourceTree = "<group>"; };
		0C750743289B003E004B3906 /* SourceRssParser+CoreDataProperties.swift */ = {isa = PBXFileReference; lastKnownFileType = sourcecode.swift; path = "SourceRssParser+CoreDataProperties.swift"; sourceTree = "<group>"; };
		0C78041C28BFB3EA001E8CA3 /* String.swift */ = {isa = PBXFileReference; lastKnownFileType = sourcecode.swift; path = String.swift; sourceTree = "<group>"; };
		0C794B68289DACC800DD1CC8 /* InstalledPluginButtonView.swift */ = {isa = PBXFileReference; lastKnownFileType = sourcecode.swift; path = InstalledPluginButtonView.swift; sourceTree = "<group>"; };
		0C794B6A289DACF100DD1CC8 /* PluginCatalogButtonView.swift */ = {isa = PBXFileReference; lastKnownFileType = sourcecode.swift; path = PluginCatalogButtonView.swift; sourceTree = "<group>"; };
		0C794B6C289EFA2E00DD1CC8 /* LaunchScreen.storyboard */ = {isa = PBXFileReference; fileEncoding = 4; lastKnownFileType = file.storyboard; path = LaunchScreen.storyboard; sourceTree = "<group>"; };
		0C79DC052899AF3C003F1C5A /* SourceSeedLeech+CoreDataClass.swift */ = {isa = PBXFileReference; lastKnownFileType = sourcecode.swift; path = "SourceSeedLeech+CoreDataClass.swift"; sourceTree = "<group>"; };
		0C79DC062899AF3C003F1C5A /* SourceSeedLeech+CoreDataProperties.swift */ = {isa = PBXFileReference; lastKnownFileType = sourcecode.swift; path = "SourceSeedLeech+CoreDataProperties.swift"; sourceTree = "<group>"; };
		0C7C128528DAA3CD00381CD1 /* URL.swift */ = {isa = PBXFileReference; lastKnownFileType = sourcecode.swift; path = URL.swift; sourceTree = "<group>"; };
		0C7D11FD28AA03FE00ED92DB /* View.swift */ = {isa = PBXFileReference; lastKnownFileType = sourcecode.swift; path = View.swift; sourceTree = "<group>"; };
		0C7ED14028D61BBA009E29AD /* BackupModels.swift */ = {isa = PBXFileReference; lastKnownFileType = sourcecode.swift; path = BackupModels.swift; sourceTree = "<group>"; };
		0C7ED14228D65518009E29AD /* FileManager.swift */ = {isa = PBXFileReference; lastKnownFileType = sourcecode.swift; path = FileManager.swift; sourceTree = "<group>"; };
		0C84F4762895BE680074B7C9 /* FerriteDB.xcdatamodel */ = {isa = PBXFileReference; lastKnownFileType = wrapper.xcdatamodel; path = FerriteDB.xcdatamodel; sourceTree = "<group>"; };
		0C84F47A2895BFED0074B7C9 /* Source+CoreDataClass.swift */ = {isa = PBXFileReference; lastKnownFileType = sourcecode.swift; path = "Source+CoreDataClass.swift"; sourceTree = "<group>"; };
		0C84F47B2895BFED0074B7C9 /* Source+CoreDataProperties.swift */ = {isa = PBXFileReference; lastKnownFileType = sourcecode.swift; path = "Source+CoreDataProperties.swift"; sourceTree = "<group>"; };
		0C84F47C2895BFED0074B7C9 /* SourceHtmlParser+CoreDataClass.swift */ = {isa = PBXFileReference; lastKnownFileType = sourcecode.swift; path = "SourceHtmlParser+CoreDataClass.swift"; sourceTree = "<group>"; };
		0C84F47D2895BFED0074B7C9 /* SourceHtmlParser+CoreDataProperties.swift */ = {isa = PBXFileReference; lastKnownFileType = sourcecode.swift; path = "SourceHtmlParser+CoreDataProperties.swift"; sourceTree = "<group>"; };
		0C871BDE29994D9D005279AC /* FilterLabelView.swift */ = {isa = PBXFileReference; lastKnownFileType = sourcecode.swift; path = FilterLabelView.swift; sourceTree = "<group>"; };
		0C95D8D728A55B03005E22B3 /* DefaultActionPickerView.swift */ = {isa = PBXFileReference; lastKnownFileType = sourcecode.swift; path = DefaultActionPickerView.swift; sourceTree = "<group>"; };
		0CA05456288EE58200850554 /* SettingsPluginListView.swift */ = {isa = PBXFileReference; lastKnownFileType = sourcecode.swift; path = SettingsPluginListView.swift; sourceTree = "<group>"; };
		0CA05458288EE9E600850554 /* PluginManager.swift */ = {isa = PBXFileReference; lastKnownFileType = sourcecode.swift; path = PluginManager.swift; sourceTree = "<group>"; };
		0CA0545A288EEA4E00850554 /* PluginListEditorView.swift */ = {isa = PBXFileReference; lastKnownFileType = sourcecode.swift; path = PluginListEditorView.swift; sourceTree = "<group>"; };
		0CA148BB288903F000DE2211 /* SettingsView.swift */ = {isa = PBXFileReference; fileEncoding = 4; lastKnownFileType = sourcecode.swift; path = SettingsView.swift; sourceTree = "<group>"; };
		0CA148BC288903F000DE2211 /* LoginWebView.swift */ = {isa = PBXFileReference; fileEncoding = 4; lastKnownFileType = sourcecode.swift; path = LoginWebView.swift; sourceTree = "<group>"; };
		0CA148BD288903F000DE2211 /* ActionChoiceView.swift */ = {isa = PBXFileReference; fileEncoding = 4; lastKnownFileType = sourcecode.swift; path = ActionChoiceView.swift; sourceTree = "<group>"; };
		0CA148C1288903F000DE2211 /* NavView.swift */ = {isa = PBXFileReference; fileEncoding = 4; lastKnownFileType = sourcecode.swift; path = NavView.swift; sourceTree = "<group>"; };
		0CA148C2288903F000DE2211 /* Assets.xcassets */ = {isa = PBXFileReference; lastKnownFileType = folder.assetcatalog; path = Assets.xcassets; sourceTree = "<group>"; };
		0CA148C3288903F000DE2211 /* ScrapingViewModel.swift */ = {isa = PBXFileReference; fileEncoding = 4; lastKnownFileType = sourcecode.swift; path = ScrapingViewModel.swift; sourceTree = "<group>"; };
		0CA148C6288903F000DE2211 /* Preview Assets.xcassets */ = {isa = PBXFileReference; lastKnownFileType = folder.assetcatalog; path = "Preview Assets.xcassets"; sourceTree = "<group>"; };
		0CA148C7288903F000DE2211 /* FerriteApp.swift */ = {isa = PBXFileReference; fileEncoding = 4; lastKnownFileType = sourcecode.swift; path = FerriteApp.swift; sourceTree = "<group>"; };
		0CA148C9288903F000DE2211 /* Collection.swift */ = {isa = PBXFileReference; fileEncoding = 4; lastKnownFileType = sourcecode.swift; path = Collection.swift; sourceTree = "<group>"; };
		0CA148CA288903F000DE2211 /* Data.swift */ = {isa = PBXFileReference; fileEncoding = 4; lastKnownFileType = sourcecode.swift; path = Data.swift; sourceTree = "<group>"; };
		0CA148CB288903F000DE2211 /* Task.swift */ = {isa = PBXFileReference; fileEncoding = 4; lastKnownFileType = sourcecode.swift; path = Task.swift; sourceTree = "<group>"; };
		0CA148CD288903F000DE2211 /* DebridManager.swift */ = {isa = PBXFileReference; fileEncoding = 4; lastKnownFileType = sourcecode.swift; path = DebridManager.swift; sourceTree = "<group>"; };
		0CA148CE288903F000DE2211 /* WebView.swift */ = {isa = PBXFileReference; fileEncoding = 4; lastKnownFileType = sourcecode.swift; path = WebView.swift; sourceTree = "<group>"; };
		0CA148CF288903F000DE2211 /* LoggingManager.swift */ = {isa = PBXFileReference; fileEncoding = 4; lastKnownFileType = sourcecode.swift; path = LoggingManager.swift; sourceTree = "<group>"; };
		0CA148D0288903F000DE2211 /* RealDebridWrapper.swift */ = {isa = PBXFileReference; fileEncoding = 4; lastKnownFileType = sourcecode.swift; path = RealDebridWrapper.swift; sourceTree = "<group>"; };
		0CA148D1288903F000DE2211 /* MainView.swift */ = {isa = PBXFileReference; fileEncoding = 4; lastKnownFileType = sourcecode.swift; path = MainView.swift; sourceTree = "<group>"; };
		0CA148D4288903F000DE2211 /* ContentView.swift */ = {isa = PBXFileReference; fileEncoding = 4; lastKnownFileType = sourcecode.swift; path = ContentView.swift; sourceTree = "<group>"; };
		0CA3B23328C2658700616D3A /* LibraryView.swift */ = {isa = PBXFileReference; lastKnownFileType = sourcecode.swift; path = LibraryView.swift; sourceTree = "<group>"; };
		0CA3B23628C2660700616D3A /* HistoryView.swift */ = {isa = PBXFileReference; lastKnownFileType = sourcecode.swift; path = HistoryView.swift; sourceTree = "<group>"; };
		0CA3B23828C2660D00616D3A /* BookmarksView.swift */ = {isa = PBXFileReference; lastKnownFileType = sourcecode.swift; path = BookmarksView.swift; sourceTree = "<group>"; };
		0CA3B23A28C2AA5600616D3A /* Bookmark+CoreDataClass.swift */ = {isa = PBXFileReference; lastKnownFileType = sourcecode.swift; path = "Bookmark+CoreDataClass.swift"; sourceTree = "<group>"; };
		0CA3B23B28C2AA5600616D3A /* Bookmark+CoreDataProperties.swift */ = {isa = PBXFileReference; lastKnownFileType = sourcecode.swift; path = "Bookmark+CoreDataProperties.swift"; sourceTree = "<group>"; };
		0CA3FB1F28B91D9500FA10A8 /* IndeterminateProgressView.swift */ = {isa = PBXFileReference; lastKnownFileType = sourcecode.swift; path = IndeterminateProgressView.swift; sourceTree = "<group>"; };
		0CA429F728C5098D000D0610 /* DateFormatter.swift */ = {isa = PBXFileReference; lastKnownFileType = sourcecode.swift; path = DateFormatter.swift; sourceTree = "<group>"; };
		0CAF1C68286F5C0E00296F86 /* Ferrite.app */ = {isa = PBXFileReference; explicitFileType = wrapper.application; includeInIndex = 0; path = Ferrite.app; sourceTree = BUILT_PRODUCTS_DIR; };
		0CAF9318296399190050812A /* PremiumizeCloudView.swift */ = {isa = PBXFileReference; lastKnownFileType = sourcecode.swift; path = PremiumizeCloudView.swift; sourceTree = "<group>"; };
		0CB0AB5E29BD2A200015422C /* KodiServerView.swift */ = {isa = PBXFileReference; lastKnownFileType = sourcecode.swift; path = KodiServerView.swift; sourceTree = "<group>"; };
		0CB6516228C5A57300DCA721 /* ConditionalId.swift */ = {isa = PBXFileReference; lastKnownFileType = sourcecode.swift; path = ConditionalId.swift; sourceTree = "<group>"; };
		0CB6516428C5A5D700DCA721 /* InlinedList.swift */ = {isa = PBXFileReference; lastKnownFileType = sourcecode.swift; path = InlinedList.swift; sourceTree = "<group>"; };
		0CB6516928C5B4A600DCA721 /* InlineHeader.swift */ = {isa = PBXFileReference; lastKnownFileType = sourcecode.swift; path = InlineHeader.swift; sourceTree = "<group>"; };
		0CBAB83528D12ED500AC903E /* DisableInteraction.swift */ = {isa = PBXFileReference; lastKnownFileType = sourcecode.swift; path = DisableInteraction.swift; sourceTree = "<group>"; };
		0CBC76FC288D914F0054BE44 /* BatchChoiceView.swift */ = {isa = PBXFileReference; lastKnownFileType = sourcecode.swift; path = BatchChoiceView.swift; sourceTree = "<group>"; };
		0CBC76FE288DAAD00054BE44 /* NavigationViewModel.swift */ = {isa = PBXFileReference; lastKnownFileType = sourcecode.swift; path = NavigationViewModel.swift; sourceTree = "<group>"; };
		0CBC7704288DE7F40054BE44 /* PersistenceController.swift */ = {isa = PBXFileReference; lastKnownFileType = sourcecode.swift; path = PersistenceController.swift; sourceTree = "<group>"; };
		0CC389512970AD900066D06F /* Action+CoreDataClass.swift */ = {isa = PBXFileReference; lastKnownFileType = sourcecode.swift; path = "Action+CoreDataClass.swift"; sourceTree = "<group>"; };
		0CC389522970AD900066D06F /* Action+CoreDataProperties.swift */ = {isa = PBXFileReference; lastKnownFileType = sourcecode.swift; path = "Action+CoreDataProperties.swift"; sourceTree = "<group>"; };
		0CC6E4D428A45BA000AF2BCC /* Info.plist */ = {isa = PBXFileReference; lastKnownFileType = text.plist; path = Info.plist; sourceTree = "<group>"; };
		0CD4CAC528C980EB0046E1DC /* HistoryActionsView.swift */ = {isa = PBXFileReference; lastKnownFileType = sourcecode.swift; path = HistoryActionsView.swift; sourceTree = "<group>"; };
		0CD5E78828CD932B001BF684 /* DisabledAppearance.swift */ = {isa = PBXFileReference; lastKnownFileType = sourcecode.swift; path = DisabledAppearance.swift; sourceTree = "<group>"; };
		0CD5F1FA299BEFBE00476DDB /* CustomScopeBar.swift */ = {isa = PBXFileReference; lastKnownFileType = sourcecode.swift; path = CustomScopeBar.swift; sourceTree = "<group>"; };
		0CD5F1FC299C083B00476DDB /* PluginPickerView.swift */ = {isa = PBXFileReference; lastKnownFileType = sourcecode.swift; path = PluginPickerView.swift; sourceTree = "<group>"; };
		0CD72E16293D9928001A7EA4 /* Array.swift */ = {isa = PBXFileReference; lastKnownFileType = sourcecode.swift; path = Array.swift; sourceTree = "<group>"; };
		0CDCB91728C662640098B513 /* EmptyInstructionView.swift */ = {isa = PBXFileReference; lastKnownFileType = sourcecode.swift; path = EmptyInstructionView.swift; sourceTree = "<group>"; };
		0CE1C4172981E8D700418F20 /* Plugin.swift */ = {isa = PBXFileReference; lastKnownFileType = sourcecode.swift; path = Plugin.swift; sourceTree = "<group>"; };
		0CE66B3928E640D200F69346 /* Backport.swift */ = {isa = PBXFileReference; lastKnownFileType = sourcecode.swift; path = Backport.swift; sourceTree = "<group>"; };
		0CEC8AAD299B31B6007BFE8F /* SearchFilterHeaderView.swift */ = {isa = PBXFileReference; lastKnownFileType = sourcecode.swift; path = SearchFilterHeaderView.swift; sourceTree = "<group>"; };
		0CEC8AB1299B3B57007BFE8F /* LibraryPickerView.swift */ = {isa = PBXFileReference; lastKnownFileType = sourcecode.swift; path = LibraryPickerView.swift; sourceTree = "<group>"; };
/* End PBXFileReference section */

/* Begin PBXFrameworksBuildPhase section */
		0CAF1C65286F5C0E00296F86 /* Frameworks */ = {
			isa = PBXFrameworksBuildPhase;
			buildActionMask = 2147483647;
			files = (
				0C7506D728B1AC9A008BEE38 /* SwiftyJSON in Frameworks */,
				0C448BE929A135F100F4E266 /* Introspect-Static in Frameworks */,
				0C64A4B4288903680079976D /* Base32 in Frameworks */,
				0C2DD4CF29A6D47400293FC3 /* SwiftUIX in Frameworks */,
				0C4CFC462897030D00AD9FAD /* Regex in Frameworks */,
				0C64A4B7288903880079976D /* KeychainSwift in Frameworks */,
				0CAF1C7B286F5C8600296F86 /* SwiftSoup in Frameworks */,
				0CDDDE052935235E006810B1 /* BetterSafariView in Frameworks */,
			);
			runOnlyForDeploymentPostprocessing = 0;
		};
/* End PBXFrameworksBuildPhase section */

/* Begin PBXGroup section */
		0C0755C22934241F00ECA142 /* SheetViews */ = {
			isa = PBXGroup;
			children = (
				0CA148BD288903F000DE2211 /* ActionChoiceView.swift */,
				0CBC76FC288D914F0054BE44 /* BatchChoiceView.swift */,
			);
			path = SheetViews;
			sourceTree = "<group>";
		};
		0C0755C32934244500ECA142 /* ComponentViews */ = {
			isa = PBXGroup;
			children = (
				0C3E00D4296F560800ECECB2 /* Plugin */,
				0C0755C42934245800ECA142 /* Debrid */,
				0CA3B23528C265FD00616D3A /* Library */,
				0C44E2AB28D4E126007711AE /* SearchResult */,
				0CA0545C288F7CB200850554 /* Settings */,
			);
			path = ComponentViews;
			sourceTree = "<group>";
		};
		0C0755C42934245800ECA142 /* Debrid */ = {
			isa = PBXGroup;
			children = (
				0C42B5952932F2D5008057A0 /* DebridPickerView.swift */,
				0C0755C5293424A200ECA142 /* DebridLabelView.swift */,
			);
			path = Debrid;
			sourceTree = "<group>";
		};
		0C0D50DE288DF72D0035ECC8 /* Classes */ = {
			isa = PBXGroup;
			children = (
				0C3DD44029B6ACD9006429DB /* KodiServer+CoreDataClass.swift */,
				0C3DD44129B6ACD9006429DB /* KodiServer+CoreDataProperties.swift */,
				0C5005582992BA6A0064606A /* PluginTag+CoreDataClass.swift */,
				0C5005592992BA6A0064606A /* PluginTag+CoreDataProperties.swift */,
				0CC389512970AD900066D06F /* Action+CoreDataClass.swift */,
				0CC389522970AD900066D06F /* Action+CoreDataProperties.swift */,
				0C03EB6F296F619900162E9A /* PluginList+CoreDataClass.swift */,
				0C03EB70296F619900162E9A /* PluginList+CoreDataProperties.swift */,
				0C54D36128C5086E00BFEEE2 /* History+CoreDataClass.swift */,
				0C54D36228C5086E00BFEEE2 /* History+CoreDataProperties.swift */,
				0CA3B23A28C2AA5600616D3A /* Bookmark+CoreDataClass.swift */,
				0CA3B23B28C2AA5600616D3A /* Bookmark+CoreDataProperties.swift */,
				0C31133A28B1ABFA004DCB0D /* SourceJsonParser+CoreDataClass.swift */,
				0C31133B28B1ABFA004DCB0D /* SourceJsonParser+CoreDataProperties.swift */,
				0C750742289B003E004B3906 /* SourceRssParser+CoreDataClass.swift */,
				0C750743289B003E004B3906 /* SourceRssParser+CoreDataProperties.swift */,
				0C79DC052899AF3C003F1C5A /* SourceSeedLeech+CoreDataClass.swift */,
				0C79DC062899AF3C003F1C5A /* SourceSeedLeech+CoreDataProperties.swift */,
				0C4CFC4728970C8B00AD9FAD /* SourceComplexQuery+CoreDataClass.swift */,
				0C4CFC4828970C8B00AD9FAD /* SourceComplexQuery+CoreDataProperties.swift */,
				0C84F47A2895BFED0074B7C9 /* Source+CoreDataClass.swift */,
				0C84F47B2895BFED0074B7C9 /* Source+CoreDataProperties.swift */,
				0C84F47C2895BFED0074B7C9 /* SourceHtmlParser+CoreDataClass.swift */,
				0C84F47D2895BFED0074B7C9 /* SourceHtmlParser+CoreDataProperties.swift */,
			);
			path = Classes;
			sourceTree = "<group>";
		};
		0C0D50E3288DFE6E0035ECC8 /* Models */ = {
			isa = PBXGroup;
			children = (
				0C3E00CF296F4DB200ECECB2 /* ActionModels.swift */,
				0C6C7C9C29315292002DF910 /* AllDebridModels.swift */,
				0C7ED14028D61BBA009E29AD /* BackupModels.swift */,
				0C0755C7293425B500ECA142 /* DebridManagerModels.swift */,
				0C68135128BC1A7C00FAD890 /* GithubModels.swift */,
				0C422E7F293542F300486D65 /* PremiumizeModels.swift */,
				0C0167DB29293FA900B65783 /* RealDebridModels.swift */,
				0C41BC6428C2AEB900B47DD6 /* SearchModels.swift */,
				0C0D50E4288DFE7F0035ECC8 /* SourceModels.swift */,
				0C3E00D7296F5B9A00ECECB2 /* PluginModels.swift */,
				0C6771F929B3D1AE005D38D2 /* KodiModels.swift */,
			);
			path = Models;
			sourceTree = "<group>";
		};
		0C2886D52960C4F800D6FC16 /* Cloud */ = {
			isa = PBXGroup;
			children = (
				0C2886D62960C50900D6FC16 /* RealDebridCloudView.swift */,
				0CAF9318296399190050812A /* PremiumizeCloudView.swift */,
				0C5FCB04296744F300849E87 /* AllDebridCloudView.swift */,
			);
			path = Cloud;
			sourceTree = "<group>";
		};
		0C3DD43C29B69664006429DB /* Kodi */ = {
			isa = PBXGroup;
			children = (
				0C6771F529B3B602005D38D2 /* SettingsKodiView.swift */,
				0C3DD43E29B6968D006429DB /* KodiEditorView.swift */,
				0CB0AB5E29BD2A200015422C /* KodiServerView.swift */,
			);
			path = Kodi;
			sourceTree = "<group>";
		};
		0C3DD43D29B69672006429DB /* PluginList */ = {
			isa = PBXGroup;
			children = (
				0CA05456288EE58200850554 /* SettingsPluginListView.swift */,
				0CA0545A288EEA4E00850554 /* PluginListEditorView.swift */,
			);
			path = PluginList;
			sourceTree = "<group>";
		};
		0C3E00D4296F560800ECECB2 /* Plugin */ = {
			isa = PBXGroup;
			children = (
				0C44E2AA28D4E09B007711AE /* Buttons */,
				0C794B65289DAC9F00DD1CC8 /* Source */,
				0C0D50E6288DFF850035ECC8 /* PluginAggregateView.swift */,
				0C5005512992B6750064606A /* PluginTagsView.swift */,
				0CD5F1FC299C083B00476DDB /* PluginPickerView.swift */,
			);
			path = Plugin;
			sourceTree = "<group>";
		};
		0C44E2A628D4DDC6007711AE /* Classes */ = {
			isa = PBXGroup;
			children = (
				0C44E2A728D4DDDC007711AE /* Application.swift */,
			);
			path = Classes;
			sourceTree = "<group>";
		};
		0C44E2A928D4DFC4007711AE /* Modifiers */ = {
			isa = PBXGroup;
			children = (
				0C70E40128C3CE9C00A5C72D /* ConditionalContextMenu.swift */,
				0CB6516228C5A57300DCA721 /* ConditionalId.swift */,
				0CD5E78828CD932B001BF684 /* DisabledAppearance.swift */,
				0CBAB83528D12ED500AC903E /* DisableInteraction.swift */,
				0CB6516428C5A5D700DCA721 /* InlinedList.swift */,
				0CD5F1FA299BEFBE00476DDB /* CustomScopeBar.swift */,
				0C572D4D299403B7003EEC05 /* ViewDidAppear.swift */,
			);
			path = Modifiers;
			sourceTree = "<group>";
		};
		0C44E2AA28D4E09B007711AE /* Buttons */ = {
			isa = PBXGroup;
			children = (
				0C794B68289DACC800DD1CC8 /* InstalledPluginButtonView.swift */,
				0C794B6A289DACF100DD1CC8 /* PluginCatalogButtonView.swift */,
			);
			path = Buttons;
			sourceTree = "<group>";
		};
		0C44E2AB28D4E126007711AE /* SearchResult */ = {
			isa = PBXGroup;
			children = (
				0C41BC6228C2AD0F00B47DD6 /* SearchResultButtonView.swift */,
				0C57D4CB289032ED008534E8 /* SearchResultInfoView.swift */,
				0CEC8AAD299B31B6007BFE8F /* SearchFilterHeaderView.swift */,
			);
			path = SearchResult;
			sourceTree = "<group>";
		};
		0C5005552992B9C20064606A /* Protocols */ = {
			isa = PBXGroup;
			children = (
				0CE1C4172981E8D700418F20 /* Plugin.swift */,
			);
			path = Protocols;
			sourceTree = "<group>";
		};
		0C794B65289DAC9F00DD1CC8 /* Source */ = {
			isa = PBXGroup;
			children = (
				0C733286289C4C820058D1FE /* SourceSettingsView.swift */,
			);
			path = Source;
			sourceTree = "<group>";
		};
		0CA0545C288F7CB200850554 /* Settings */ = {
			isa = PBXGroup;
			children = (
				0C3DD43D29B69672006429DB /* PluginList */,
				0C3DD43C29B69664006429DB /* Kodi */,
				0C44E2AE28D52E8A007711AE /* BackupsView.swift */,
				0C95D8D728A55B03005E22B3 /* DefaultActionPickerView.swift */,
				0C10848A28BD9A38008F0BA6 /* SettingsAppVersionView.swift */,
				0C6771FD29B521F1005D38D2 /* SettingsDebridInfoView.swift */,
				0C5708EA29B8F89300BE07F9 /* SettingsLogView.swift */,
			);
			path = Settings;
			sourceTree = "<group>";
		};
		0CA148BA288903F000DE2211 /* Ferrite */ = {
			isa = PBXGroup;
			children = (
				0CC6E4D428A45BA000AF2BCC /* Info.plist */,
				0CBC7703288DE7E90054BE44 /* DataManagement */,
				0CA148F12889066000DE2211 /* API */,
				0C0D50E3288DFE6E0035ECC8 /* Models */,
				0CA148EF2889061600DE2211 /* ViewModels */,
				0CA148EE2889061200DE2211 /* Views */,
				0C44E2A628D4DDC6007711AE /* Classes */,
				0C5005552992B9C20064606A /* Protocols */,
				0CA148C8288903F000DE2211 /* Extensions */,
				0CA148C5288903F000DE2211 /* Preview Content */,
				0CA148C7288903F000DE2211 /* FerriteApp.swift */,
				0C794B6C289EFA2E00DD1CC8 /* LaunchScreen.storyboard */,
				0CA148C2288903F000DE2211 /* Assets.xcassets */,
			);
			path = Ferrite;
			sourceTree = "<group>";
		};
		0CA148C0288903F000DE2211 /* CommonViews */ = {
			isa = PBXGroup;
			children = (
				0C44E2A928D4DFC4007711AE /* Modifiers */,
				0CE66B3928E640D200F69346 /* Backport.swift */,
				0C391ECA28CAA44B009F1CA1 /* AlertButton.swift */,
				0C360C5B28C7DF1400884ED3 /* DynamicFetchRequest.swift */,
				0CDCB91728C662640098B513 /* EmptyInstructionView.swift */,
				0C871BDE29994D9D005279AC /* FilterLabelView.swift */,
				0CA148C1288903F000DE2211 /* NavView.swift */,
				0CA3FB1F28B91D9500FA10A8 /* IndeterminateProgressView.swift */,
				0CB6516928C5B4A600DCA721 /* InlineHeader.swift */,
				0C32FB562890D1F2002BD219 /* ListRowViews.swift */,
				0C2D9652299316CC00A504B6 /* Tag.swift */,
				0C6771FB29B3E0DB005D38D2 /* HybridSecureField.swift */,
			);
			path = CommonViews;
			sourceTree = "<group>";
		};
		0CA148C5288903F000DE2211 /* Preview Content */ = {
			isa = PBXGroup;
			children = (
				0CA148C6288903F000DE2211 /* Preview Assets.xcassets */,
			);
			path = "Preview Content";
			sourceTree = "<group>";
		};
		0CA148C8288903F000DE2211 /* Extensions */ = {
			isa = PBXGroup;
			children = (
				0CD72E16293D9928001A7EA4 /* Array.swift */,
				0C445C61293F9A0B0060744D /* Bundle.swift */,
				0CA148C9288903F000DE2211 /* Collection.swift */,
				0CA148CA288903F000DE2211 /* Data.swift */,
				0CA429F728C5098D000D0610 /* DateFormatter.swift */,
				0C70E40528C40C4E00A5C72D /* NotificationCenter.swift */,
				0C78041C28BFB3EA001E8CA3 /* String.swift */,
				0CA148CB288903F000DE2211 /* Task.swift */,
				0C7D11FD28AA03FE00ED92DB /* View.swift */,
				0C7ED14228D65518009E29AD /* FileManager.swift */,
				0C42B5972932F6DD008057A0 /* Set.swift */,
				0C7C128528DAA3CD00381CD1 /* URL.swift */,
				0C50B7CF299DF63C00A9FA3C /* UIDevice.swift */,
			);
			path = Extensions;
			sourceTree = "<group>";
		};
		0CA148EE2889061200DE2211 /* Views */ = {
			isa = PBXGroup;
			children = (
				0C0755C32934244500ECA142 /* ComponentViews */,
				0CA148F02889062700DE2211 /* RepresentableViews */,
				0CA148C0288903F000DE2211 /* CommonViews */,
				0C0755C22934241F00ECA142 /* SheetViews */,
				0CA148D1288903F000DE2211 /* MainView.swift */,
				0CA148D4288903F000DE2211 /* ContentView.swift */,
				0CA3B23328C2658700616D3A /* LibraryView.swift */,
				0C3E00D1296F4FD200ECECB2 /* PluginsView.swift */,
				0CA148BB288903F000DE2211 /* SettingsView.swift */,
				0C32FB522890D19D002BD219 /* AboutView.swift */,
				0CA148BC288903F000DE2211 /* LoginWebView.swift */,
			);
			path = Views;
			sourceTree = "<group>";
		};
		0CA148EF2889061600DE2211 /* ViewModels */ = {
			isa = PBXGroup;
			children = (
				0CA148CD288903F000DE2211 /* DebridManager.swift */,
				0CA148C3288903F000DE2211 /* ScrapingViewModel.swift */,
				0CA148CF288903F000DE2211 /* LoggingManager.swift */,
				0CBC76FE288DAAD00054BE44 /* NavigationViewModel.swift */,
				0CA05458288EE9E600850554 /* PluginManager.swift */,
				0C44E2AC28D51C63007711AE /* BackupManager.swift */,
			);
			path = ViewModels;
			sourceTree = "<group>";
		};
		0CA148F02889062700DE2211 /* RepresentableViews */ = {
			isa = PBXGroup;
			children = (
				0CA148CE288903F000DE2211 /* WebView.swift */,
				0C572D4B2993FC2A003EEC05 /* ViewDidAppearHandler.swift */,
			);
			path = RepresentableViews;
			sourceTree = "<group>";
		};
		0CA148F12889066000DE2211 /* API */ = {
			isa = PBXGroup;
			children = (
				0C6C7C9A2931521B002DF910 /* AllDebridWrapper.swift */,
				0C68134F28BC1A2D00FAD890 /* GithubWrapper.swift */,
				0C422E7D293542EA00486D65 /* PremiumizeWrapper.swift */,
				0CA148D0288903F000DE2211 /* RealDebridWrapper.swift */,
				0C6771F329B3B4FD005D38D2 /* KodiWrapper.swift */,
			);
			path = API;
			sourceTree = "<group>";
		};
		0CA3B23528C265FD00616D3A /* Library */ = {
			isa = PBXGroup;
			children = (
				0C2886D52960C4F800D6FC16 /* Cloud */,
				0CA3B23828C2660D00616D3A /* BookmarksView.swift */,
				0C2886D12960AC2800D6FC16 /* DebridCloudView.swift */,
				0CA3B23628C2660700616D3A /* HistoryView.swift */,
				0CD4CAC528C980EB0046E1DC /* HistoryActionsView.swift */,
				0C12D43C28CC332A000195BF /* HistoryButtonView.swift */,
				0CEC8AB1299B3B57007BFE8F /* LibraryPickerView.swift */,
			);
			path = Library;
			sourceTree = "<group>";
		};
		0CAF1C5F286F5C0D00296F86 = {
			isa = PBXGroup;
			children = (
				0CA148BA288903F000DE2211 /* Ferrite */,
				0CAF1C69286F5C0E00296F86 /* Products */,
			);
			sourceTree = "<group>";
		};
		0CAF1C69286F5C0E00296F86 /* Products */ = {
			isa = PBXGroup;
			children = (
				0CAF1C68286F5C0E00296F86 /* Ferrite.app */,
			);
			name = Products;
			sourceTree = "<group>";
		};
		0CBC7703288DE7E90054BE44 /* DataManagement */ = {
			isa = PBXGroup;
			children = (
				0C0D50DE288DF72D0035ECC8 /* Classes */,
				0CBC7704288DE7F40054BE44 /* PersistenceController.swift */,
				0C84F4752895BE680074B7C9 /* FerriteDB.xcdatamodeld */,
			);
			path = DataManagement;
			sourceTree = "<group>";
		};
/* End PBXGroup section */

/* Begin PBXNativeTarget section */
		0CAF1C67286F5C0E00296F86 /* Ferrite */ = {
			isa = PBXNativeTarget;
			buildConfigurationList = 0CAF1C76286F5C0E00296F86 /* Build configuration list for PBXNativeTarget "Ferrite" */;
			buildPhases = (
				0CAF1C64286F5C0E00296F86 /* Sources */,
				0CAF1C65286F5C0E00296F86 /* Frameworks */,
				0CAF1C66286F5C0E00296F86 /* Resources */,
				0C445C60293F99360060744D /* Insert environment vars into Plist */,
			);
			buildRules = (
			);
			dependencies = (
			);
			name = Ferrite;
			packageProductDependencies = (
				0CAF1C7A286F5C8600296F86 /* SwiftSoup */,
				0C64A4B3288903680079976D /* Base32 */,
				0C64A4B6288903880079976D /* KeychainSwift */,
				0C4CFC452897030D00AD9FAD /* Regex */,
				0C7506D628B1AC9A008BEE38 /* SwiftyJSON */,
				0CDDDE042935235E006810B1 /* BetterSafariView */,
				0C448BE829A135F100F4E266 /* Introspect-Static */,
				0C2DD4CE29A6D47400293FC3 /* SwiftUIX */,
			);
			productName = Torrenter;
			productReference = 0CAF1C68286F5C0E00296F86 /* Ferrite.app */;
			productType = "com.apple.product-type.application";
		};
/* End PBXNativeTarget section */

/* Begin PBXProject section */
		0CAF1C60286F5C0D00296F86 /* Project object */ = {
			isa = PBXProject;
			attributes = {
				BuildIndependentTargetsInParallel = 1;
				LastSwiftUpdateCheck = 1400;
				LastUpgradeCheck = 1400;
				TargetAttributes = {
					0CAF1C67286F5C0E00296F86 = {
						CreatedOnToolsVersion = 14.0;
					};
				};
			};
			buildConfigurationList = 0CAF1C63286F5C0D00296F86 /* Build configuration list for PBXProject "Ferrite" */;
			compatibilityVersion = "Xcode 13.0";
			developmentRegion = en;
			hasScannedForEncodings = 0;
			knownRegions = (
				en,
				Base,
			);
			mainGroup = 0CAF1C5F286F5C0D00296F86;
			packageReferences = (
				0CAF1C79286F5C8600296F86 /* XCRemoteSwiftPackageReference "SwiftSoup" */,
				0C64A4B2288903680079976D /* XCRemoteSwiftPackageReference "Base32" */,
				0C64A4B5288903880079976D /* XCRemoteSwiftPackageReference "keychain-swift" */,
				0C4CFC442897030D00AD9FAD /* XCRemoteSwiftPackageReference "Regex" */,
				0C7506D528B1AC9A008BEE38 /* XCRemoteSwiftPackageReference "SwiftyJSON" */,
				0CDDDE032935235E006810B1 /* XCRemoteSwiftPackageReference "BetterSafariView" */,
				0C448BE729A135F100F4E266 /* XCRemoteSwiftPackageReference "SwiftUI-Introspect" */,
				0C2DD4CD29A6D47400293FC3 /* XCRemoteSwiftPackageReference "SwiftUIX" */,
			);
			productRefGroup = 0CAF1C69286F5C0E00296F86 /* Products */;
			projectDirPath = "";
			projectRoot = "";
			targets = (
				0CAF1C67286F5C0E00296F86 /* Ferrite */,
			);
		};
/* End PBXProject section */

/* Begin PBXResourcesBuildPhase section */
		0CAF1C66286F5C0E00296F86 /* Resources */ = {
			isa = PBXResourcesBuildPhase;
			buildActionMask = 2147483647;
			files = (
				0C794B6D289EFA2E00DD1CC8 /* LaunchScreen.storyboard in Resources */,
				0CA148DF288903F000DE2211 /* Preview Assets.xcassets in Resources */,
				0CA148DC288903F000DE2211 /* Assets.xcassets in Resources */,
			);
			runOnlyForDeploymentPostprocessing = 0;
		};
/* End PBXResourcesBuildPhase section */

/* Begin PBXShellScriptBuildPhase section */
		0C445C60293F99360060744D /* Insert environment vars into Plist */ = {
			isa = PBXShellScriptBuildPhase;
			alwaysOutOfDate = 1;
			buildActionMask = 2147483647;
			files = (
			);
			inputFileListPaths = (
			);
			inputPaths = (
				$BUILT_PRODUCTS_DIR/$INFOPLIST_PATH,
			);
			name = "Insert environment vars into Plist";
			outputFileListPaths = (
			);
			outputPaths = (
			);
			runOnlyForDeploymentPostprocessing = 0;
			shellPath = /bin/sh;
			shellScript = "# Type a script or drag a script file from your workspace to insert its path.\n# From https://stackoverflow.com/questions/26514866/how-can-i-include-the-git-commit-hash-in-xcode\n\nINFO_PLIST=\"${TARGET_BUILD_DIR}\"/\"${INFOPLIST_PATH}\"\n\n# MARK: Adds commit hash to plist\ncommitValue=$(/usr/libexec/PlistBuddy -c 'print :GitCommitHash' \"${INFO_PLIST}\" 2>/dev/null)\n\n# Check if value is empty\nif [ -z \"$commitValue\" ] \nthen\n   /usr/libexec/PlistBuddy -c \"Add :GitCommitHash string\" \"${INFO_PLIST}\"\nfi\n\n/usr/libexec/PlistBuddy -c \"Set :GitCommitHash `git rev-parse --short HEAD`\" \"${INFO_PLIST}\"\n\n# MARK: Adds the git build type to plist (examples: nightly, stable)\nbuildTypeValue=$(/usr/libexec/PlistBuddy -c 'print :IsNightly' \"${INFO_PLIST}\" 2>/dev/null)\n\n# Check if value is empty\nif [ -z \"$buildTypeValue\" ] \nthen\n   /usr/libexec/PlistBuddy -c \"Add :IsNightly bool\" \"${INFO_PLIST}\"\nfi\n\n/usr/libexec/PlistBuddy -c \"Set :IsNightly ${IS_NIGHTLY}\" \"${INFO_PLIST}\"\n";
		};
/* End PBXShellScriptBuildPhase section */

/* Begin PBXSourcesBuildPhase section */
		0CAF1C64286F5C0E00296F86 /* Sources */ = {
			isa = PBXSourcesBuildPhase;
			buildActionMask = 2147483647;
			files = (
				0C7ED14328D65518009E29AD /* FileManager.swift in Sources */,
				0C03EB71296F619900162E9A /* PluginList+CoreDataClass.swift in Sources */,
				0C6771FA29B3D1AE005D38D2 /* KodiModels.swift in Sources */,
				0C0D50E5288DFE7F0035ECC8 /* SourceModels.swift in Sources */,
				0CB6516528C5A5D700DCA721 /* InlinedList.swift in Sources */,
				0C32FB532890D19D002BD219 /* AboutView.swift in Sources */,
				0CB6516328C5A57300DCA721 /* ConditionalId.swift in Sources */,
				0C70E40628C40C4E00A5C72D /* NotificationCenter.swift in Sources */,
				0C84F4832895BFED0074B7C9 /* Source+CoreDataProperties.swift in Sources */,
				0C2D9653299316CC00A504B6 /* Tag.swift in Sources */,
				0CD5E78928CD932B001BF684 /* DisabledAppearance.swift in Sources */,
				0CA148DB288903F000DE2211 /* NavView.swift in Sources */,
				0CA3B23C28C2AA5600616D3A /* Bookmark+CoreDataClass.swift in Sources */,
				0C750745289B003E004B3906 /* SourceRssParser+CoreDataProperties.swift in Sources */,
				0CA3FB2028B91D9500FA10A8 /* IndeterminateProgressView.swift in Sources */,
				0C50055A2992BA6A0064606A /* PluginTag+CoreDataClass.swift in Sources */,
				0CBC7705288DE7F40054BE44 /* PersistenceController.swift in Sources */,
				0C0755C8293425B500ECA142 /* DebridManagerModels.swift in Sources */,
				0C31133D28B1ABFA004DCB0D /* SourceJsonParser+CoreDataProperties.swift in Sources */,
				0CA0545B288EEA4E00850554 /* PluginListEditorView.swift in Sources */,
				0C3E00D8296F5B9A00ECECB2 /* PluginModels.swift in Sources */,
				0C360C5C28C7DF1400884ED3 /* DynamicFetchRequest.swift in Sources */,
				0CA429F828C5098D000D0610 /* DateFormatter.swift in Sources */,
				0C5005522992B6750064606A /* PluginTagsView.swift in Sources */,
				0CB0AB5F29BD2A200015422C /* KodiServerView.swift in Sources */,
				0CE66B3A28E640D200F69346 /* Backport.swift in Sources */,
				0C42B5962932F2D5008057A0 /* DebridPickerView.swift in Sources */,
				0C2886D72960C50900D6FC16 /* RealDebridCloudView.swift in Sources */,
				0C3DD44229B6ACD9006429DB /* KodiServer+CoreDataClass.swift in Sources */,
				0C794B6B289DACF100DD1CC8 /* PluginCatalogButtonView.swift in Sources */,
				0C54D36428C5086E00BFEEE2 /* History+CoreDataProperties.swift in Sources */,
				0CA148E9288903F000DE2211 /* MainView.swift in Sources */,
				0C3E00D2296F4FD200ECECB2 /* PluginsView.swift in Sources */,
				0CBC76FD288D914F0054BE44 /* BatchChoiceView.swift in Sources */,
				0C7D11FE28AA03FE00ED92DB /* View.swift in Sources */,
				0CA3B23728C2660700616D3A /* HistoryView.swift in Sources */,
				0C70E40228C3CE9C00A5C72D /* ConditionalContextMenu.swift in Sources */,
				0C50B7D0299DF63C00A9FA3C /* UIDevice.swift in Sources */,
				0C0D50E7288DFF850035ECC8 /* PluginAggregateView.swift in Sources */,
				0CA3B23428C2658700616D3A /* LibraryView.swift in Sources */,
				0CD72E17293D9928001A7EA4 /* Array.swift in Sources */,
				0CD5F1FB299BEFBE00476DDB /* CustomScopeBar.swift in Sources */,
				0C44E2A828D4DDDC007711AE /* Application.swift in Sources */,
				0CC389542970AD900066D06F /* Action+CoreDataProperties.swift in Sources */,
				0C7ED14128D61BBA009E29AD /* BackupModels.swift in Sources */,
				0CAF9319296399190050812A /* PremiumizeCloudView.swift in Sources */,
				0CA148EC288903F000DE2211 /* ContentView.swift in Sources */,
				0CC389532970AD900066D06F /* Action+CoreDataClass.swift in Sources */,
				0C03EB72296F619900162E9A /* PluginList+CoreDataProperties.swift in Sources */,
				0C572D4C2993FC2A003EEC05 /* ViewDidAppearHandler.swift in Sources */,
				0C95D8D828A55B03005E22B3 /* DefaultActionPickerView.swift in Sources */,
				0C44E2AF28D52E8A007711AE /* BackupsView.swift in Sources */,
				0CA148E1288903F000DE2211 /* Collection.swift in Sources */,
				0C750744289B003E004B3906 /* SourceRssParser+CoreDataClass.swift in Sources */,
				0C794B69289DACC800DD1CC8 /* InstalledPluginButtonView.swift in Sources */,
				0C5708EB29B8F89300BE07F9 /* SettingsLogView.swift in Sources */,
				0C79DC082899AF3C003F1C5A /* SourceSeedLeech+CoreDataProperties.swift in Sources */,
				0C6771FE29B521F1005D38D2 /* SettingsDebridInfoView.swift in Sources */,
				0CD4CAC628C980EB0046E1DC /* HistoryActionsView.swift in Sources */,
				0C422E7E293542EA00486D65 /* PremiumizeWrapper.swift in Sources */,
				0CA148DD288903F000DE2211 /* ScrapingViewModel.swift in Sources */,
				0C445C62293F9A0B0060744D /* Bundle.swift in Sources */,
				0C0755C6293424A200ECA142 /* DebridLabelView.swift in Sources */,
				0CB6516A28C5B4A600DCA721 /* InlineHeader.swift in Sources */,
				0CA148D8288903F000DE2211 /* ActionChoiceView.swift in Sources */,
				0C41BC6528C2AEB900B47DD6 /* SearchModels.swift in Sources */,
				0C68135028BC1A2D00FAD890 /* GithubWrapper.swift in Sources */,
				0CA148E3288903F000DE2211 /* Task.swift in Sources */,
				0CA148E7288903F000DE2211 /* LoggingManager.swift in Sources */,
				0C6771FC29B3E0DB005D38D2 /* HybridSecureField.swift in Sources */,
				0C6C7C9D29315292002DF910 /* AllDebridModels.swift in Sources */,
				0C6C7C9B2931521B002DF910 /* AllDebridWrapper.swift in Sources */,
				0C68135228BC1A7C00FAD890 /* GithubModels.swift in Sources */,
				0C5FCB05296744F300849E87 /* AllDebridCloudView.swift in Sources */,
				0CA3B23928C2660D00616D3A /* BookmarksView.swift in Sources */,
				0C79DC072899AF3C003F1C5A /* SourceSeedLeech+CoreDataClass.swift in Sources */,
				0CA148E6288903F000DE2211 /* WebView.swift in Sources */,
				0CA3B23D28C2AA5600616D3A /* Bookmark+CoreDataProperties.swift in Sources */,
				0C4CFC4E28970C8B00AD9FAD /* SourceComplexQuery+CoreDataProperties.swift in Sources */,
				0CDCB91828C662640098B513 /* EmptyInstructionView.swift in Sources */,
				0CA148E2288903F000DE2211 /* Data.swift in Sources */,
				0C0167DC29293FA900B65783 /* RealDebridModels.swift in Sources */,
				0C57D4CC289032ED008534E8 /* SearchResultInfoView.swift in Sources */,
				0C42B5982932F6DD008057A0 /* Set.swift in Sources */,
				0C41BC6328C2AD0F00B47DD6 /* SearchResultButtonView.swift in Sources */,
				0CA05459288EE9E600850554 /* PluginManager.swift in Sources */,
				0C84F4772895BE680074B7C9 /* FerriteDB.xcdatamodeld in Sources */,
				0C12D43D28CC332A000195BF /* HistoryButtonView.swift in Sources */,
				0C733287289C4C820058D1FE /* SourceSettingsView.swift in Sources */,
				0C10848B28BD9A38008F0BA6 /* SettingsAppVersionView.swift in Sources */,
				0CA05457288EE58200850554 /* SettingsPluginListView.swift in Sources */,
				0C78041D28BFB3EA001E8CA3 /* String.swift in Sources */,
				0C31133C28B1ABFA004DCB0D /* SourceJsonParser+CoreDataClass.swift in Sources */,
				0CBC76FF288DAAD00054BE44 /* NavigationViewModel.swift in Sources */,
				0C50055B2992BA6A0064606A /* PluginTag+CoreDataProperties.swift in Sources */,
				0C871BDF29994D9D005279AC /* FilterLabelView.swift in Sources */,
				0C6771F429B3B4FD005D38D2 /* KodiWrapper.swift in Sources */,
				0C3E00D0296F4DB200ECECB2 /* ActionModels.swift in Sources */,
				0C44E2AD28D51C63007711AE /* BackupManager.swift in Sources */,
				0C422E80293542F300486D65 /* PremiumizeModels.swift in Sources */,
				0C4CFC4D28970C8B00AD9FAD /* SourceComplexQuery+CoreDataClass.swift in Sources */,
				0CA148E8288903F000DE2211 /* RealDebridWrapper.swift in Sources */,
				0CA148D6288903F000DE2211 /* SettingsView.swift in Sources */,
				0C572D4E299403B7003EEC05 /* ViewDidAppear.swift in Sources */,
				0CA148E5288903F000DE2211 /* DebridManager.swift in Sources */,
				0C54D36328C5086E00BFEEE2 /* History+CoreDataClass.swift in Sources */,
				0CBAB83628D12ED500AC903E /* DisableInteraction.swift in Sources */,
				0CE1C4182981E8D700418F20 /* Plugin.swift in Sources */,
				0CEC8AB2299B3B57007BFE8F /* LibraryPickerView.swift in Sources */,
				0C6771F629B3B602005D38D2 /* SettingsKodiView.swift in Sources */,
				0C84F4842895BFED0074B7C9 /* SourceHtmlParser+CoreDataClass.swift in Sources */,
				0C32FB572890D1F2002BD219 /* ListRowViews.swift in Sources */,
				0CEC8AAE299B31B6007BFE8F /* SearchFilterHeaderView.swift in Sources */,
				0C84F4822895BFED0074B7C9 /* Source+CoreDataClass.swift in Sources */,
				0C3DD43F29B6968D006429DB /* KodiEditorView.swift in Sources */,
				0C391ECB28CAA44B009F1CA1 /* AlertButton.swift in Sources */,
				0C3DD44329B6ACD9006429DB /* KodiServer+CoreDataProperties.swift in Sources */,
				0C7C128628DAA3CD00381CD1 /* URL.swift in Sources */,
				0C84F4852895BFED0074B7C9 /* SourceHtmlParser+CoreDataProperties.swift in Sources */,
				0CD5F1FD299C083B00476DDB /* PluginPickerView.swift in Sources */,
				0C2886D22960AC2800D6FC16 /* DebridCloudView.swift in Sources */,
				0CA148D7288903F000DE2211 /* LoginWebView.swift in Sources */,
				0CA148E0288903F000DE2211 /* FerriteApp.swift in Sources */,
			);
			runOnlyForDeploymentPostprocessing = 0;
		};
/* End PBXSourcesBuildPhase section */

/* Begin XCBuildConfiguration section */
		0CAF1C74286F5C0E00296F86 /* Debug */ = {
			isa = XCBuildConfiguration;
			buildSettings = {
				ALWAYS_SEARCH_USER_PATHS = NO;
				CLANG_ANALYZER_NONNULL = YES;
				CLANG_ANALYZER_NUMBER_OBJECT_CONVERSION = YES_AGGRESSIVE;
				CLANG_CXX_LANGUAGE_STANDARD = "gnu++17";
				CLANG_ENABLE_MODULES = YES;
				CLANG_ENABLE_OBJC_ARC = YES;
				CLANG_ENABLE_OBJC_WEAK = YES;
				CLANG_WARN_BLOCK_CAPTURE_AUTORELEASING = YES;
				CLANG_WARN_BOOL_CONVERSION = YES;
				CLANG_WARN_COMMA = YES;
				CLANG_WARN_CONSTANT_CONVERSION = YES;
				CLANG_WARN_DEPRECATED_OBJC_IMPLEMENTATIONS = YES;
				CLANG_WARN_DIRECT_OBJC_ISA_USAGE = YES_ERROR;
				CLANG_WARN_DOCUMENTATION_COMMENTS = YES;
				CLANG_WARN_EMPTY_BODY = YES;
				CLANG_WARN_ENUM_CONVERSION = YES;
				CLANG_WARN_INFINITE_RECURSION = YES;
				CLANG_WARN_INT_CONVERSION = YES;
				CLANG_WARN_NON_LITERAL_NULL_CONVERSION = YES;
				CLANG_WARN_OBJC_IMPLICIT_RETAIN_SELF = YES;
				CLANG_WARN_OBJC_LITERAL_CONVERSION = YES;
				CLANG_WARN_OBJC_ROOT_CLASS = YES_ERROR;
				CLANG_WARN_QUOTED_INCLUDE_IN_FRAMEWORK_HEADER = YES;
				CLANG_WARN_RANGE_LOOP_ANALYSIS = YES;
				CLANG_WARN_STRICT_PROTOTYPES = YES;
				CLANG_WARN_SUSPICIOUS_MOVE = YES;
				CLANG_WARN_UNGUARDED_AVAILABILITY = YES_AGGRESSIVE;
				CLANG_WARN_UNREACHABLE_CODE = YES;
				CLANG_WARN__DUPLICATE_METHOD_MATCH = YES;
				COPY_PHASE_STRIP = NO;
				DEBUG_INFORMATION_FORMAT = dwarf;
				ENABLE_STRICT_OBJC_MSGSEND = YES;
				ENABLE_TESTABILITY = YES;
				GCC_C_LANGUAGE_STANDARD = gnu11;
				GCC_DYNAMIC_NO_PIC = NO;
				GCC_NO_COMMON_BLOCKS = YES;
				GCC_OPTIMIZATION_LEVEL = 0;
				GCC_PREPROCESSOR_DEFINITIONS = (
					"DEBUG=1",
					"$(inherited)",
				);
				GCC_WARN_64_TO_32_BIT_CONVERSION = YES;
				GCC_WARN_ABOUT_RETURN_TYPE = YES_ERROR;
				GCC_WARN_UNDECLARED_SELECTOR = YES;
				GCC_WARN_UNINITIALIZED_AUTOS = YES_AGGRESSIVE;
				GCC_WARN_UNUSED_FUNCTION = YES;
				GCC_WARN_UNUSED_VARIABLE = YES;
				IPHONEOS_DEPLOYMENT_TARGET = 14.0;
				MTL_ENABLE_DEBUG_INFO = INCLUDE_SOURCE;
				MTL_FAST_MATH = YES;
				ONLY_ACTIVE_ARCH = YES;
				SDKROOT = iphoneos;
				SWIFT_ACTIVE_COMPILATION_CONDITIONS = DEBUG;
				SWIFT_OPTIMIZATION_LEVEL = "-Onone";
			};
			name = Debug;
		};
		0CAF1C75286F5C0E00296F86 /* Release */ = {
			isa = XCBuildConfiguration;
			buildSettings = {
				ALWAYS_SEARCH_USER_PATHS = NO;
				CLANG_ANALYZER_NONNULL = YES;
				CLANG_ANALYZER_NUMBER_OBJECT_CONVERSION = YES_AGGRESSIVE;
				CLANG_CXX_LANGUAGE_STANDARD = "gnu++17";
				CLANG_ENABLE_MODULES = YES;
				CLANG_ENABLE_OBJC_ARC = YES;
				CLANG_ENABLE_OBJC_WEAK = YES;
				CLANG_WARN_BLOCK_CAPTURE_AUTORELEASING = YES;
				CLANG_WARN_BOOL_CONVERSION = YES;
				CLANG_WARN_COMMA = YES;
				CLANG_WARN_CONSTANT_CONVERSION = YES;
				CLANG_WARN_DEPRECATED_OBJC_IMPLEMENTATIONS = YES;
				CLANG_WARN_DIRECT_OBJC_ISA_USAGE = YES_ERROR;
				CLANG_WARN_DOCUMENTATION_COMMENTS = YES;
				CLANG_WARN_EMPTY_BODY = YES;
				CLANG_WARN_ENUM_CONVERSION = YES;
				CLANG_WARN_INFINITE_RECURSION = YES;
				CLANG_WARN_INT_CONVERSION = YES;
				CLANG_WARN_NON_LITERAL_NULL_CONVERSION = YES;
				CLANG_WARN_OBJC_IMPLICIT_RETAIN_SELF = YES;
				CLANG_WARN_OBJC_LITERAL_CONVERSION = YES;
				CLANG_WARN_OBJC_ROOT_CLASS = YES_ERROR;
				CLANG_WARN_QUOTED_INCLUDE_IN_FRAMEWORK_HEADER = YES;
				CLANG_WARN_RANGE_LOOP_ANALYSIS = YES;
				CLANG_WARN_STRICT_PROTOTYPES = YES;
				CLANG_WARN_SUSPICIOUS_MOVE = YES;
				CLANG_WARN_UNGUARDED_AVAILABILITY = YES_AGGRESSIVE;
				CLANG_WARN_UNREACHABLE_CODE = YES;
				CLANG_WARN__DUPLICATE_METHOD_MATCH = YES;
				COPY_PHASE_STRIP = NO;
				DEBUG_INFORMATION_FORMAT = "dwarf-with-dsym";
				ENABLE_NS_ASSERTIONS = NO;
				ENABLE_STRICT_OBJC_MSGSEND = YES;
				GCC_C_LANGUAGE_STANDARD = gnu11;
				GCC_NO_COMMON_BLOCKS = YES;
				GCC_WARN_64_TO_32_BIT_CONVERSION = YES;
				GCC_WARN_ABOUT_RETURN_TYPE = YES_ERROR;
				GCC_WARN_UNDECLARED_SELECTOR = YES;
				GCC_WARN_UNINITIALIZED_AUTOS = YES_AGGRESSIVE;
				GCC_WARN_UNUSED_FUNCTION = YES;
				GCC_WARN_UNUSED_VARIABLE = YES;
				IPHONEOS_DEPLOYMENT_TARGET = 14.0;
				MTL_ENABLE_DEBUG_INFO = NO;
				MTL_FAST_MATH = YES;
				SDKROOT = iphoneos;
				SWIFT_COMPILATION_MODE = wholemodule;
				SWIFT_OPTIMIZATION_LEVEL = "-O";
				VALIDATE_PRODUCT = YES;
			};
			name = Release;
		};
		0CAF1C77286F5C0E00296F86 /* Debug */ = {
			isa = XCBuildConfiguration;
			buildSettings = {
				ASSETCATALOG_COMPILER_APPICON_NAME = AppIcon;
				ASSETCATALOG_COMPILER_GLOBAL_ACCENT_COLOR_NAME = AccentColor;
				CODE_SIGN_STYLE = Automatic;
				CURRENT_PROJECT_VERSION = 12;
				DEVELOPMENT_ASSET_PATHS = "\"Ferrite/Preview Content\"";
				DEVELOPMENT_TEAM = 8A74DBQ6S3;
				ENABLE_PREVIEWS = YES;
				GENERATE_INFOPLIST_FILE = YES;
				INFOPLIST_FILE = Ferrite/Info.plist;
				INFOPLIST_KEY_CFBundleDisplayName = Ferrite;
				INFOPLIST_KEY_LSApplicationCategoryType = "public.app-category.entertainment";
				INFOPLIST_KEY_UIApplicationSceneManifest_Generation = YES;
				INFOPLIST_KEY_UIApplicationSupportsIndirectInputEvents = YES;
				INFOPLIST_KEY_UILaunchStoryboardName = LaunchScreen;
				INFOPLIST_KEY_UISupportedInterfaceOrientations_iPad = "UIInterfaceOrientationPortrait UIInterfaceOrientationPortraitUpsideDown UIInterfaceOrientationLandscapeLeft UIInterfaceOrientationLandscapeRight";
				INFOPLIST_KEY_UISupportedInterfaceOrientations_iPhone = "UIInterfaceOrientationPortrait UIInterfaceOrientationLandscapeLeft UIInterfaceOrientationLandscapeRight";
				INFOPLIST_KEY_UISupportsDocumentBrowser = YES;
				IPHONEOS_DEPLOYMENT_TARGET = 14.0;
				LD_RUNPATH_SEARCH_PATHS = (
					"$(inherited)",
					"@executable_path/Frameworks",
				);
				MARKETING_VERSION = 0.6.1;
				PRODUCT_BUNDLE_IDENTIFIER = me.kingbri.Ferrite;
				PRODUCT_NAME = "$(TARGET_NAME)";
				SWIFT_EMIT_LOC_STRINGS = YES;
				SWIFT_STRICT_CONCURRENCY = minimal;
				SWIFT_VERSION = 5.0;
				TARGETED_DEVICE_FAMILY = "1,2";
			};
			name = Debug;
		};
		0CAF1C78286F5C0E00296F86 /* Release */ = {
			isa = XCBuildConfiguration;
			buildSettings = {
				ASSETCATALOG_COMPILER_APPICON_NAME = AppIcon;
				ASSETCATALOG_COMPILER_GLOBAL_ACCENT_COLOR_NAME = AccentColor;
				CODE_SIGN_STYLE = Automatic;
				CURRENT_PROJECT_VERSION = 12;
				DEVELOPMENT_ASSET_PATHS = "\"Ferrite/Preview Content\"";
				DEVELOPMENT_TEAM = 8A74DBQ6S3;
				ENABLE_PREVIEWS = YES;
				GENERATE_INFOPLIST_FILE = YES;
				INFOPLIST_FILE = Ferrite/Info.plist;
				INFOPLIST_KEY_CFBundleDisplayName = Ferrite;
				INFOPLIST_KEY_LSApplicationCategoryType = "public.app-category.entertainment";
				INFOPLIST_KEY_UIApplicationSceneManifest_Generation = YES;
				INFOPLIST_KEY_UIApplicationSupportsIndirectInputEvents = YES;
				INFOPLIST_KEY_UILaunchStoryboardName = LaunchScreen;
				INFOPLIST_KEY_UISupportedInterfaceOrientations_iPad = "UIInterfaceOrientationPortrait UIInterfaceOrientationPortraitUpsideDown UIInterfaceOrientationLandscapeLeft UIInterfaceOrientationLandscapeRight";
				INFOPLIST_KEY_UISupportedInterfaceOrientations_iPhone = "UIInterfaceOrientationPortrait UIInterfaceOrientationLandscapeLeft UIInterfaceOrientationLandscapeRight";
				INFOPLIST_KEY_UISupportsDocumentBrowser = YES;
				IPHONEOS_DEPLOYMENT_TARGET = 14.0;
				LD_RUNPATH_SEARCH_PATHS = (
					"$(inherited)",
					"@executable_path/Frameworks",
				);
				MARKETING_VERSION = 0.6.1;
				PRODUCT_BUNDLE_IDENTIFIER = me.kingbri.Ferrite;
				PRODUCT_NAME = "$(TARGET_NAME)";
				SWIFT_EMIT_LOC_STRINGS = YES;
				SWIFT_STRICT_CONCURRENCY = minimal;
				SWIFT_VERSION = 5.0;
				TARGETED_DEVICE_FAMILY = "1,2";
			};
			name = Release;
		};
/* End XCBuildConfiguration section */

/* Begin XCConfigurationList section */
		0CAF1C63286F5C0D00296F86 /* Build configuration list for PBXProject "Ferrite" */ = {
			isa = XCConfigurationList;
			buildConfigurations = (
				0CAF1C74286F5C0E00296F86 /* Debug */,
				0CAF1C75286F5C0E00296F86 /* Release */,
			);
			defaultConfigurationIsVisible = 0;
			defaultConfigurationName = Release;
		};
		0CAF1C76286F5C0E00296F86 /* Build configuration list for PBXNativeTarget "Ferrite" */ = {
			isa = XCConfigurationList;
			buildConfigurations = (
				0CAF1C77286F5C0E00296F86 /* Debug */,
				0CAF1C78286F5C0E00296F86 /* Release */,
			);
			defaultConfigurationIsVisible = 0;
			defaultConfigurationName = Release;
		};
/* End XCConfigurationList section */

/* Begin XCRemoteSwiftPackageReference section */
		0C2DD4CD29A6D47400293FC3 /* XCRemoteSwiftPackageReference "SwiftUIX" */ = {
			isa = XCRemoteSwiftPackageReference;
			repositoryURL = "https://github.com/SwiftUIX/SwiftUIX";
			requirement = {
				branch = master;
				kind = branch;
			};
		};
		0C448BE729A135F100F4E266 /* XCRemoteSwiftPackageReference "SwiftUI-Introspect" */ = {
			isa = XCRemoteSwiftPackageReference;
			repositoryURL = "https://github.com/siteline/SwiftUI-Introspect/";
			requirement = {
				kind = upToNextMajorVersion;
				minimumVersion = 0.2.2;
			};
		};
		0C4CFC442897030D00AD9FAD /* XCRemoteSwiftPackageReference "Regex" */ = {
			isa = XCRemoteSwiftPackageReference;
			repositoryURL = "https://github.com/sindresorhus/Regex";
			requirement = {
				branch = main;
				kind = branch;
			};
		};
		0C64A4B2288903680079976D /* XCRemoteSwiftPackageReference "Base32" */ = {
			isa = XCRemoteSwiftPackageReference;
			repositoryURL = "https://github.com/norio-nomura/Base32";
			requirement = {
				branch = master;
				kind = branch;
			};
		};
		0C64A4B5288903880079976D /* XCRemoteSwiftPackageReference "keychain-swift" */ = {
			isa = XCRemoteSwiftPackageReference;
			repositoryURL = "https://github.com/evgenyneu/keychain-swift.git";
			requirement = {
				branch = master;
				kind = branch;
			};
		};
		0C7506D528B1AC9A008BEE38 /* XCRemoteSwiftPackageReference "SwiftyJSON" */ = {
			isa = XCRemoteSwiftPackageReference;
			repositoryURL = "https://github.com/SwiftyJSON/SwiftyJSON";
			requirement = {
				branch = master;
				kind = branch;
			};
		};
		0CAF1C79286F5C8600296F86 /* XCRemoteSwiftPackageReference "SwiftSoup" */ = {
			isa = XCRemoteSwiftPackageReference;
			repositoryURL = "https://github.com/scinfu/SwiftSoup.git";
			requirement = {
				kind = upToNextMajorVersion;
				minimumVersion = 2.0.0;
			};
		};
		0CDDDE032935235E006810B1 /* XCRemoteSwiftPackageReference "BetterSafariView" */ = {
			isa = XCRemoteSwiftPackageReference;
			repositoryURL = "https://github.com/stleamist/BetterSafariView";
			requirement = {
				branch = main;
				kind = branch;
			};
		};
/* End XCRemoteSwiftPackageReference section */

/* Begin XCSwiftPackageProductDependency section */
		0C2DD4CE29A6D47400293FC3 /* SwiftUIX */ = {
			isa = XCSwiftPackageProductDependency;
			package = 0C2DD4CD29A6D47400293FC3 /* XCRemoteSwiftPackageReference "SwiftUIX" */;
			productName = SwiftUIX;
		};
		0C448BE829A135F100F4E266 /* Introspect-Static */ = {
			isa = XCSwiftPackageProductDependency;
			package = 0C448BE729A135F100F4E266 /* XCRemoteSwiftPackageReference "SwiftUI-Introspect" */;
			productName = "Introspect-Static";
		};
		0C4CFC452897030D00AD9FAD /* Regex */ = {
			isa = XCSwiftPackageProductDependency;
			package = 0C4CFC442897030D00AD9FAD /* XCRemoteSwiftPackageReference "Regex" */;
			productName = Regex;
		};
		0C64A4B3288903680079976D /* Base32 */ = {
			isa = XCSwiftPackageProductDependency;
			package = 0C64A4B2288903680079976D /* XCRemoteSwiftPackageReference "Base32" */;
			productName = Base32;
		};
		0C64A4B6288903880079976D /* KeychainSwift */ = {
			isa = XCSwiftPackageProductDependency;
			package = 0C64A4B5288903880079976D /* XCRemoteSwiftPackageReference "keychain-swift" */;
			productName = KeychainSwift;
		};
		0C7506D628B1AC9A008BEE38 /* SwiftyJSON */ = {
			isa = XCSwiftPackageProductDependency;
			package = 0C7506D528B1AC9A008BEE38 /* XCRemoteSwiftPackageReference "SwiftyJSON" */;
			productName = SwiftyJSON;
		};
		0CAF1C7A286F5C8600296F86 /* SwiftSoup */ = {
			isa = XCSwiftPackageProductDependency;
			package = 0CAF1C79286F5C8600296F86 /* XCRemoteSwiftPackageReference "SwiftSoup" */;
			productName = SwiftSoup;
		};
		0CDDDE042935235E006810B1 /* BetterSafariView */ = {
			isa = XCSwiftPackageProductDependency;
			package = 0CDDDE032935235E006810B1 /* XCRemoteSwiftPackageReference "BetterSafariView" */;
			productName = BetterSafariView;
		};
/* End XCSwiftPackageProductDependency section */

/* Begin XCVersionGroup section */
		0C84F4752895BE680074B7C9 /* FerriteDB.xcdatamodeld */ = {
			isa = XCVersionGroup;
			children = (
				0C3E00D9296F5E4F00ECECB2 /* FerriteDB_v2.xcdatamodel */,
				0C84F4762895BE680074B7C9 /* FerriteDB.xcdatamodel */,
			);
			currentVersion = 0C3E00D9296F5E4F00ECECB2 /* FerriteDB_v2.xcdatamodel */;
			path = FerriteDB.xcdatamodeld;
			sourceTree = "<group>";
			versionGroupType = wrapper.xcdatamodel;
		};
/* End XCVersionGroup section */
	};
	rootObject = 0CAF1C60286F5C0D00296F86 /* Project object */;
}
