// !$*UTF8*$!
{
	archiveVersion = 1;
	classes = {
	};
	objectVersion = 55;
	objects = {

/* Begin PBXBuildFile section */
		0C0D50E5288DFE7F0035ECC8 /* SourceModels.swift in Sources */ = {isa = PBXBuildFile; fileRef = 0C0D50E4288DFE7F0035ECC8 /* SourceModels.swift */; };
		0C0D50E7288DFF850035ECC8 /* SourcesView.swift in Sources */ = {isa = PBXBuildFile; fileRef = 0C0D50E6288DFF850035ECC8 /* SourcesView.swift */; };
		0C32FB532890D19D002BD219 /* AboutView.swift in Sources */ = {isa = PBXBuildFile; fileRef = 0C32FB522890D19D002BD219 /* AboutView.swift */; };
		0C32FB552890D1BF002BD219 /* UIApplication.swift in Sources */ = {isa = PBXBuildFile; fileRef = 0C32FB542890D1BF002BD219 /* UIApplication.swift */; };
		0C32FB572890D1F2002BD219 /* ListRowViews.swift in Sources */ = {isa = PBXBuildFile; fileRef = 0C32FB562890D1F2002BD219 /* ListRowViews.swift */; };
		0C4CFC462897030D00AD9FAD /* Regex in Frameworks */ = {isa = PBXBuildFile; productRef = 0C4CFC452897030D00AD9FAD /* Regex */; };
		0C4CFC4D28970C8B00AD9FAD /* SourceComplexQuery+CoreDataClass.swift in Sources */ = {isa = PBXBuildFile; fileRef = 0C4CFC4728970C8B00AD9FAD /* SourceComplexQuery+CoreDataClass.swift */; };
		0C4CFC4E28970C8B00AD9FAD /* SourceComplexQuery+CoreDataProperties.swift in Sources */ = {isa = PBXBuildFile; fileRef = 0C4CFC4828970C8B00AD9FAD /* SourceComplexQuery+CoreDataProperties.swift */; };
		0C57D4CC289032ED008534E8 /* SearchResultRDView.swift in Sources */ = {isa = PBXBuildFile; fileRef = 0C57D4CB289032ED008534E8 /* SearchResultRDView.swift */; };
		0C64A4B4288903680079976D /* Base32 in Frameworks */ = {isa = PBXBuildFile; productRef = 0C64A4B3288903680079976D /* Base32 */; };
		0C64A4B7288903880079976D /* KeychainSwift in Frameworks */ = {isa = PBXBuildFile; productRef = 0C64A4B6288903880079976D /* KeychainSwift */; };
		0C733287289C4C820058D1FE /* SourceSettingsView.swift in Sources */ = {isa = PBXBuildFile; fileRef = 0C733286289C4C820058D1FE /* SourceSettingsView.swift */; };
		0C750744289B003E004B3906 /* SourceRssParser+CoreDataClass.swift in Sources */ = {isa = PBXBuildFile; fileRef = 0C750742289B003E004B3906 /* SourceRssParser+CoreDataClass.swift */; };
		0C750745289B003E004B3906 /* SourceRssParser+CoreDataProperties.swift in Sources */ = {isa = PBXBuildFile; fileRef = 0C750743289B003E004B3906 /* SourceRssParser+CoreDataProperties.swift */; };
		0C794B67289DACB600DD1CC8 /* SourceUpdateButtonView.swift in Sources */ = {isa = PBXBuildFile; fileRef = 0C794B66289DACB600DD1CC8 /* SourceUpdateButtonView.swift */; };
		0C794B69289DACC800DD1CC8 /* InstalledSourceView.swift in Sources */ = {isa = PBXBuildFile; fileRef = 0C794B68289DACC800DD1CC8 /* InstalledSourceView.swift */; };
		0C794B6B289DACF100DD1CC8 /* SourceCatalogView.swift in Sources */ = {isa = PBXBuildFile; fileRef = 0C794B6A289DACF100DD1CC8 /* SourceCatalogView.swift */; };
		0C794B6D289EFA2E00DD1CC8 /* LaunchScreen.storyboard in Resources */ = {isa = PBXBuildFile; fileRef = 0C794B6C289EFA2E00DD1CC8 /* LaunchScreen.storyboard */; };
		0C79DC072899AF3C003F1C5A /* SourceSeedLeech+CoreDataClass.swift in Sources */ = {isa = PBXBuildFile; fileRef = 0C79DC052899AF3C003F1C5A /* SourceSeedLeech+CoreDataClass.swift */; };
		0C79DC082899AF3C003F1C5A /* SourceSeedLeech+CoreDataProperties.swift in Sources */ = {isa = PBXBuildFile; fileRef = 0C79DC062899AF3C003F1C5A /* SourceSeedLeech+CoreDataProperties.swift */; };
		0C84F4772895BE680074B7C9 /* FerriteDB.xcdatamodeld in Sources */ = {isa = PBXBuildFile; fileRef = 0C84F4752895BE680074B7C9 /* FerriteDB.xcdatamodeld */; };
		0C84F4822895BFED0074B7C9 /* Source+CoreDataClass.swift in Sources */ = {isa = PBXBuildFile; fileRef = 0C84F47A2895BFED0074B7C9 /* Source+CoreDataClass.swift */; };
		0C84F4832895BFED0074B7C9 /* Source+CoreDataProperties.swift in Sources */ = {isa = PBXBuildFile; fileRef = 0C84F47B2895BFED0074B7C9 /* Source+CoreDataProperties.swift */; };
		0C84F4842895BFED0074B7C9 /* SourceHtmlParser+CoreDataClass.swift in Sources */ = {isa = PBXBuildFile; fileRef = 0C84F47C2895BFED0074B7C9 /* SourceHtmlParser+CoreDataClass.swift */; };
		0C84F4852895BFED0074B7C9 /* SourceHtmlParser+CoreDataProperties.swift in Sources */ = {isa = PBXBuildFile; fileRef = 0C84F47D2895BFED0074B7C9 /* SourceHtmlParser+CoreDataProperties.swift */; };
		0C84F4862895BFED0074B7C9 /* SourceList+CoreDataClass.swift in Sources */ = {isa = PBXBuildFile; fileRef = 0C84F47E2895BFED0074B7C9 /* SourceList+CoreDataClass.swift */; };
		0C84F4872895BFED0074B7C9 /* SourceList+CoreDataProperties.swift in Sources */ = {isa = PBXBuildFile; fileRef = 0C84F47F2895BFED0074B7C9 /* SourceList+CoreDataProperties.swift */; };
		0C90E32C2888E5D000C0BC89 /* ActivityView in Frameworks */ = {isa = PBXBuildFile; productRef = 0C90E32B2888E5D000C0BC89 /* ActivityView */; };
		0CA05457288EE58200850554 /* SettingsSourceListView.swift in Sources */ = {isa = PBXBuildFile; fileRef = 0CA05456288EE58200850554 /* SettingsSourceListView.swift */; };
		0CA05459288EE9E600850554 /* SourceManager.swift in Sources */ = {isa = PBXBuildFile; fileRef = 0CA05458288EE9E600850554 /* SourceManager.swift */; };
		0CA0545B288EEA4E00850554 /* SourceListEditorView.swift in Sources */ = {isa = PBXBuildFile; fileRef = 0CA0545A288EEA4E00850554 /* SourceListEditorView.swift */; };
		0CA148D6288903F000DE2211 /* SettingsView.swift in Sources */ = {isa = PBXBuildFile; fileRef = 0CA148BB288903F000DE2211 /* SettingsView.swift */; };
		0CA148D7288903F000DE2211 /* LoginWebView.swift in Sources */ = {isa = PBXBuildFile; fileRef = 0CA148BC288903F000DE2211 /* LoginWebView.swift */; };
		0CA148D8288903F000DE2211 /* MagnetChoiceView.swift in Sources */ = {isa = PBXBuildFile; fileRef = 0CA148BD288903F000DE2211 /* MagnetChoiceView.swift */; };
		0CA148DB288903F000DE2211 /* NavView.swift in Sources */ = {isa = PBXBuildFile; fileRef = 0CA148C1288903F000DE2211 /* NavView.swift */; };
		0CA148DC288903F000DE2211 /* Assets.xcassets in Resources */ = {isa = PBXBuildFile; fileRef = 0CA148C2288903F000DE2211 /* Assets.xcassets */; };
		0CA148DD288903F000DE2211 /* ScrapingViewModel.swift in Sources */ = {isa = PBXBuildFile; fileRef = 0CA148C3288903F000DE2211 /* ScrapingViewModel.swift */; };
		0CA148DE288903F000DE2211 /* RealDebridModels.swift in Sources */ = {isa = PBXBuildFile; fileRef = 0CA148C4288903F000DE2211 /* RealDebridModels.swift */; };
		0CA148DF288903F000DE2211 /* Preview Assets.xcassets in Resources */ = {isa = PBXBuildFile; fileRef = 0CA148C6288903F000DE2211 /* Preview Assets.xcassets */; };
		0CA148E0288903F000DE2211 /* FerriteApp.swift in Sources */ = {isa = PBXBuildFile; fileRef = 0CA148C7288903F000DE2211 /* FerriteApp.swift */; };
		0CA148E1288903F000DE2211 /* Collection.swift in Sources */ = {isa = PBXBuildFile; fileRef = 0CA148C9288903F000DE2211 /* Collection.swift */; };
		0CA148E2288903F000DE2211 /* Data.swift in Sources */ = {isa = PBXBuildFile; fileRef = 0CA148CA288903F000DE2211 /* Data.swift */; };
		0CA148E3288903F000DE2211 /* Task.swift in Sources */ = {isa = PBXBuildFile; fileRef = 0CA148CB288903F000DE2211 /* Task.swift */; };
		0CA148E5288903F000DE2211 /* DebridManager.swift in Sources */ = {isa = PBXBuildFile; fileRef = 0CA148CD288903F000DE2211 /* DebridManager.swift */; };
		0CA148E6288903F000DE2211 /* WebView.swift in Sources */ = {isa = PBXBuildFile; fileRef = 0CA148CE288903F000DE2211 /* WebView.swift */; };
		0CA148E7288903F000DE2211 /* ToastViewModel.swift in Sources */ = {isa = PBXBuildFile; fileRef = 0CA148CF288903F000DE2211 /* ToastViewModel.swift */; };
		0CA148E8288903F000DE2211 /* RealDebridWrapper.swift in Sources */ = {isa = PBXBuildFile; fileRef = 0CA148D0288903F000DE2211 /* RealDebridWrapper.swift */; };
		0CA148E9288903F000DE2211 /* MainView.swift in Sources */ = {isa = PBXBuildFile; fileRef = 0CA148D1288903F000DE2211 /* MainView.swift */; };
		0CA148EB288903F000DE2211 /* SearchResultsView.swift in Sources */ = {isa = PBXBuildFile; fileRef = 0CA148D3288903F000DE2211 /* SearchResultsView.swift */; };
		0CA148EC288903F000DE2211 /* ContentView.swift in Sources */ = {isa = PBXBuildFile; fileRef = 0CA148D4288903F000DE2211 /* ContentView.swift */; };
		0CAF1C7B286F5C8600296F86 /* SwiftSoup in Frameworks */ = {isa = PBXBuildFile; productRef = 0CAF1C7A286F5C8600296F86 /* SwiftSoup */; };
		0CBC76FD288D914F0054BE44 /* BatchChoiceView.swift in Sources */ = {isa = PBXBuildFile; fileRef = 0CBC76FC288D914F0054BE44 /* BatchChoiceView.swift */; };
		0CBC76FF288DAAD00054BE44 /* NavigationViewModel.swift in Sources */ = {isa = PBXBuildFile; fileRef = 0CBC76FE288DAAD00054BE44 /* NavigationViewModel.swift */; };
		0CBC7705288DE7F40054BE44 /* PersistenceController.swift in Sources */ = {isa = PBXBuildFile; fileRef = 0CBC7704288DE7F40054BE44 /* PersistenceController.swift */; };
		0CF501F2289AE06A0099C785 /* SourceTracker+CoreDataClass.swift in Sources */ = {isa = PBXBuildFile; fileRef = 0CF501F0289AE06A0099C785 /* SourceTracker+CoreDataClass.swift */; };
		0CF501F3289AE06A0099C785 /* SourceTracker+CoreDataProperties.swift in Sources */ = {isa = PBXBuildFile; fileRef = 0CF501F1289AE06A0099C785 /* SourceTracker+CoreDataProperties.swift */; };
		0CFEFCFD288A006200B3F490 /* GroupBoxStyle.swift in Sources */ = {isa = PBXBuildFile; fileRef = 0CFEFCFC288A006200B3F490 /* GroupBoxStyle.swift */; };
/* End PBXBuildFile section */

/* Begin PBXFileReference section */
		0C0D50E4288DFE7F0035ECC8 /* SourceModels.swift */ = {isa = PBXFileReference; lastKnownFileType = sourcecode.swift; path = SourceModels.swift; sourceTree = "<group>"; };
		0C0D50E6288DFF850035ECC8 /* SourcesView.swift */ = {isa = PBXFileReference; lastKnownFileType = sourcecode.swift; path = SourcesView.swift; sourceTree = "<group>"; };
		0C32FB522890D19D002BD219 /* AboutView.swift */ = {isa = PBXFileReference; lastKnownFileType = sourcecode.swift; path = AboutView.swift; sourceTree = "<group>"; };
		0C32FB542890D1BF002BD219 /* UIApplication.swift */ = {isa = PBXFileReference; lastKnownFileType = sourcecode.swift; path = UIApplication.swift; sourceTree = "<group>"; };
		0C32FB562890D1F2002BD219 /* ListRowViews.swift */ = {isa = PBXFileReference; lastKnownFileType = sourcecode.swift; path = ListRowViews.swift; sourceTree = "<group>"; };
		0C4CFC4728970C8B00AD9FAD /* SourceComplexQuery+CoreDataClass.swift */ = {isa = PBXFileReference; lastKnownFileType = sourcecode.swift; path = "SourceComplexQuery+CoreDataClass.swift"; sourceTree = "<group>"; };
		0C4CFC4828970C8B00AD9FAD /* SourceComplexQuery+CoreDataProperties.swift */ = {isa = PBXFileReference; lastKnownFileType = sourcecode.swift; path = "SourceComplexQuery+CoreDataProperties.swift"; sourceTree = "<group>"; };
		0C57D4CB289032ED008534E8 /* SearchResultRDView.swift */ = {isa = PBXFileReference; lastKnownFileType = sourcecode.swift; path = SearchResultRDView.swift; sourceTree = "<group>"; };
		0C733286289C4C820058D1FE /* SourceSettingsView.swift */ = {isa = PBXFileReference; lastKnownFileType = sourcecode.swift; path = SourceSettingsView.swift; sourceTree = "<group>"; };
		0C750742289B003E004B3906 /* SourceRssParser+CoreDataClass.swift */ = {isa = PBXFileReference; lastKnownFileType = sourcecode.swift; path = "SourceRssParser+CoreDataClass.swift"; sourceTree = "<group>"; };
		0C750743289B003E004B3906 /* SourceRssParser+CoreDataProperties.swift */ = {isa = PBXFileReference; lastKnownFileType = sourcecode.swift; path = "SourceRssParser+CoreDataProperties.swift"; sourceTree = "<group>"; };
		0C794B66289DACB600DD1CC8 /* SourceUpdateButtonView.swift */ = {isa = PBXFileReference; lastKnownFileType = sourcecode.swift; path = SourceUpdateButtonView.swift; sourceTree = "<group>"; };
		0C794B68289DACC800DD1CC8 /* InstalledSourceView.swift */ = {isa = PBXFileReference; lastKnownFileType = sourcecode.swift; path = InstalledSourceView.swift; sourceTree = "<group>"; };
		0C794B6A289DACF100DD1CC8 /* SourceCatalogView.swift */ = {isa = PBXFileReference; lastKnownFileType = sourcecode.swift; path = SourceCatalogView.swift; sourceTree = "<group>"; };
		0C794B6C289EFA2E00DD1CC8 /* LaunchScreen.storyboard */ = {isa = PBXFileReference; fileEncoding = 4; lastKnownFileType = file.storyboard; path = LaunchScreen.storyboard; sourceTree = "<group>"; };
		0C79DC052899AF3C003F1C5A /* SourceSeedLeech+CoreDataClass.swift */ = {isa = PBXFileReference; lastKnownFileType = sourcecode.swift; path = "SourceSeedLeech+CoreDataClass.swift"; sourceTree = "<group>"; };
		0C79DC062899AF3C003F1C5A /* SourceSeedLeech+CoreDataProperties.swift */ = {isa = PBXFileReference; lastKnownFileType = sourcecode.swift; path = "SourceSeedLeech+CoreDataProperties.swift"; sourceTree = "<group>"; };
		0C84F4762895BE680074B7C9 /* FerriteDB.xcdatamodel */ = {isa = PBXFileReference; lastKnownFileType = wrapper.xcdatamodel; path = FerriteDB.xcdatamodel; sourceTree = "<group>"; };
		0C84F47A2895BFED0074B7C9 /* Source+CoreDataClass.swift */ = {isa = PBXFileReference; lastKnownFileType = sourcecode.swift; path = "Source+CoreDataClass.swift"; sourceTree = "<group>"; };
		0C84F47B2895BFED0074B7C9 /* Source+CoreDataProperties.swift */ = {isa = PBXFileReference; lastKnownFileType = sourcecode.swift; path = "Source+CoreDataProperties.swift"; sourceTree = "<group>"; };
		0C84F47C2895BFED0074B7C9 /* SourceHtmlParser+CoreDataClass.swift */ = {isa = PBXFileReference; lastKnownFileType = sourcecode.swift; path = "SourceHtmlParser+CoreDataClass.swift"; sourceTree = "<group>"; };
		0C84F47D2895BFED0074B7C9 /* SourceHtmlParser+CoreDataProperties.swift */ = {isa = PBXFileReference; lastKnownFileType = sourcecode.swift; path = "SourceHtmlParser+CoreDataProperties.swift"; sourceTree = "<group>"; };
		0C84F47E2895BFED0074B7C9 /* SourceList+CoreDataClass.swift */ = {isa = PBXFileReference; lastKnownFileType = sourcecode.swift; path = "SourceList+CoreDataClass.swift"; sourceTree = "<group>"; };
		0C84F47F2895BFED0074B7C9 /* SourceList+CoreDataProperties.swift */ = {isa = PBXFileReference; lastKnownFileType = sourcecode.swift; path = "SourceList+CoreDataProperties.swift"; sourceTree = "<group>"; };
		0CA05456288EE58200850554 /* SettingsSourceListView.swift */ = {isa = PBXFileReference; lastKnownFileType = sourcecode.swift; path = SettingsSourceListView.swift; sourceTree = "<group>"; };
		0CA05458288EE9E600850554 /* SourceManager.swift */ = {isa = PBXFileReference; lastKnownFileType = sourcecode.swift; path = SourceManager.swift; sourceTree = "<group>"; };
		0CA0545A288EEA4E00850554 /* SourceListEditorView.swift */ = {isa = PBXFileReference; lastKnownFileType = sourcecode.swift; path = SourceListEditorView.swift; sourceTree = "<group>"; };
		0CA148BB288903F000DE2211 /* SettingsView.swift */ = {isa = PBXFileReference; fileEncoding = 4; lastKnownFileType = sourcecode.swift; path = SettingsView.swift; sourceTree = "<group>"; };
		0CA148BC288903F000DE2211 /* LoginWebView.swift */ = {isa = PBXFileReference; fileEncoding = 4; lastKnownFileType = sourcecode.swift; path = LoginWebView.swift; sourceTree = "<group>"; };
		0CA148BD288903F000DE2211 /* MagnetChoiceView.swift */ = {isa = PBXFileReference; fileEncoding = 4; lastKnownFileType = sourcecode.swift; path = MagnetChoiceView.swift; sourceTree = "<group>"; };
		0CA148C1288903F000DE2211 /* NavView.swift */ = {isa = PBXFileReference; fileEncoding = 4; lastKnownFileType = sourcecode.swift; path = NavView.swift; sourceTree = "<group>"; };
		0CA148C2288903F000DE2211 /* Assets.xcassets */ = {isa = PBXFileReference; lastKnownFileType = folder.assetcatalog; path = Assets.xcassets; sourceTree = "<group>"; };
		0CA148C3288903F000DE2211 /* ScrapingViewModel.swift */ = {isa = PBXFileReference; fileEncoding = 4; lastKnownFileType = sourcecode.swift; path = ScrapingViewModel.swift; sourceTree = "<group>"; };
		0CA148C4288903F000DE2211 /* RealDebridModels.swift */ = {isa = PBXFileReference; fileEncoding = 4; indentWidth = 3; lastKnownFileType = sourcecode.swift; path = RealDebridModels.swift; sourceTree = "<group>"; };
		0CA148C6288903F000DE2211 /* Preview Assets.xcassets */ = {isa = PBXFileReference; lastKnownFileType = folder.assetcatalog; path = "Preview Assets.xcassets"; sourceTree = "<group>"; };
		0CA148C7288903F000DE2211 /* FerriteApp.swift */ = {isa = PBXFileReference; fileEncoding = 4; lastKnownFileType = sourcecode.swift; path = FerriteApp.swift; sourceTree = "<group>"; };
		0CA148C9288903F000DE2211 /* Collection.swift */ = {isa = PBXFileReference; fileEncoding = 4; lastKnownFileType = sourcecode.swift; path = Collection.swift; sourceTree = "<group>"; };
		0CA148CA288903F000DE2211 /* Data.swift */ = {isa = PBXFileReference; fileEncoding = 4; lastKnownFileType = sourcecode.swift; path = Data.swift; sourceTree = "<group>"; };
		0CA148CB288903F000DE2211 /* Task.swift */ = {isa = PBXFileReference; fileEncoding = 4; lastKnownFileType = sourcecode.swift; path = Task.swift; sourceTree = "<group>"; };
		0CA148CD288903F000DE2211 /* DebridManager.swift */ = {isa = PBXFileReference; fileEncoding = 4; lastKnownFileType = sourcecode.swift; path = DebridManager.swift; sourceTree = "<group>"; };
		0CA148CE288903F000DE2211 /* WebView.swift */ = {isa = PBXFileReference; fileEncoding = 4; lastKnownFileType = sourcecode.swift; path = WebView.swift; sourceTree = "<group>"; };
		0CA148CF288903F000DE2211 /* ToastViewModel.swift */ = {isa = PBXFileReference; fileEncoding = 4; lastKnownFileType = sourcecode.swift; path = ToastViewModel.swift; sourceTree = "<group>"; };
		0CA148D0288903F000DE2211 /* RealDebridWrapper.swift */ = {isa = PBXFileReference; fileEncoding = 4; lastKnownFileType = sourcecode.swift; path = RealDebridWrapper.swift; sourceTree = "<group>"; };
		0CA148D1288903F000DE2211 /* MainView.swift */ = {isa = PBXFileReference; fileEncoding = 4; lastKnownFileType = sourcecode.swift; path = MainView.swift; sourceTree = "<group>"; };
		0CA148D3288903F000DE2211 /* SearchResultsView.swift */ = {isa = PBXFileReference; fileEncoding = 4; lastKnownFileType = sourcecode.swift; path = SearchResultsView.swift; sourceTree = "<group>"; };
		0CA148D4288903F000DE2211 /* ContentView.swift */ = {isa = PBXFileReference; fileEncoding = 4; lastKnownFileType = sourcecode.swift; path = ContentView.swift; sourceTree = "<group>"; };
		0CAF1C68286F5C0E00296F86 /* Ferrite.app */ = {isa = PBXFileReference; explicitFileType = wrapper.application; includeInIndex = 0; path = Ferrite.app; sourceTree = BUILT_PRODUCTS_DIR; };
		0CBC76FC288D914F0054BE44 /* BatchChoiceView.swift */ = {isa = PBXFileReference; lastKnownFileType = sourcecode.swift; path = BatchChoiceView.swift; sourceTree = "<group>"; };
		0CBC76FE288DAAD00054BE44 /* NavigationViewModel.swift */ = {isa = PBXFileReference; lastKnownFileType = sourcecode.swift; path = NavigationViewModel.swift; sourceTree = "<group>"; };
		0CBC7704288DE7F40054BE44 /* PersistenceController.swift */ = {isa = PBXFileReference; lastKnownFileType = sourcecode.swift; path = PersistenceController.swift; sourceTree = "<group>"; };
		0CF501F0289AE06A0099C785 /* SourceTracker+CoreDataClass.swift */ = {isa = PBXFileReference; lastKnownFileType = sourcecode.swift; path = "SourceTracker+CoreDataClass.swift"; sourceTree = "<group>"; };
		0CF501F1289AE06A0099C785 /* SourceTracker+CoreDataProperties.swift */ = {isa = PBXFileReference; lastKnownFileType = sourcecode.swift; path = "SourceTracker+CoreDataProperties.swift"; sourceTree = "<group>"; };
		0CFEFCFC288A006200B3F490 /* GroupBoxStyle.swift */ = {isa = PBXFileReference; lastKnownFileType = sourcecode.swift; path = GroupBoxStyle.swift; sourceTree = "<group>"; };
/* End PBXFileReference section */

/* Begin PBXFrameworksBuildPhase section */
		0CAF1C65286F5C0E00296F86 /* Frameworks */ = {
			isa = PBXFrameworksBuildPhase;
			buildActionMask = 2147483647;
			files = (
				0C90E32C2888E5D000C0BC89 /* ActivityView in Frameworks */,
				0C64A4B4288903680079976D /* Base32 in Frameworks */,
				0C4CFC462897030D00AD9FAD /* Regex in Frameworks */,
				0C64A4B7288903880079976D /* KeychainSwift in Frameworks */,
				0CAF1C7B286F5C8600296F86 /* SwiftSoup in Frameworks */,
			);
			runOnlyForDeploymentPostprocessing = 0;
		};
/* End PBXFrameworksBuildPhase section */

/* Begin PBXGroup section */
		0C0D50DE288DF72D0035ECC8 /* Classes */ = {
			isa = PBXGroup;
			children = (
				0C750742289B003E004B3906 /* SourceRssParser+CoreDataClass.swift */,
				0C750743289B003E004B3906 /* SourceRssParser+CoreDataProperties.swift */,
				0CF501F0289AE06A0099C785 /* SourceTracker+CoreDataClass.swift */,
				0CF501F1289AE06A0099C785 /* SourceTracker+CoreDataProperties.swift */,
				0C79DC052899AF3C003F1C5A /* SourceSeedLeech+CoreDataClass.swift */,
				0C79DC062899AF3C003F1C5A /* SourceSeedLeech+CoreDataProperties.swift */,
				0C4CFC4728970C8B00AD9FAD /* SourceComplexQuery+CoreDataClass.swift */,
				0C4CFC4828970C8B00AD9FAD /* SourceComplexQuery+CoreDataProperties.swift */,
				0C84F47A2895BFED0074B7C9 /* Source+CoreDataClass.swift */,
				0C84F47B2895BFED0074B7C9 /* Source+CoreDataProperties.swift */,
				0C84F47C2895BFED0074B7C9 /* SourceHtmlParser+CoreDataClass.swift */,
				0C84F47D2895BFED0074B7C9 /* SourceHtmlParser+CoreDataProperties.swift */,
				0C84F47E2895BFED0074B7C9 /* SourceList+CoreDataClass.swift */,
				0C84F47F2895BFED0074B7C9 /* SourceList+CoreDataProperties.swift */,
			);
			path = Classes;
			sourceTree = "<group>";
		};
		0C0D50E3288DFE6E0035ECC8 /* Models */ = {
			isa = PBXGroup;
			children = (
				0CA148C4288903F000DE2211 /* RealDebridModels.swift */,
				0C0D50E4288DFE7F0035ECC8 /* SourceModels.swift */,
			);
			path = Models;
			sourceTree = "<group>";
		};
		0C794B65289DAC9F00DD1CC8 /* SourceViews */ = {
			isa = PBXGroup;
			children = (
				0C733286289C4C820058D1FE /* SourceSettingsView.swift */,
				0C794B66289DACB600DD1CC8 /* SourceUpdateButtonView.swift */,
				0C794B68289DACC800DD1CC8 /* InstalledSourceView.swift */,
				0C794B6A289DACF100DD1CC8 /* SourceCatalogView.swift */,
			);
			path = SourceViews;
			sourceTree = "<group>";
		};
		0CA0545C288F7CB200850554 /* SettingsViews */ = {
			isa = PBXGroup;
			children = (
				0CA05456288EE58200850554 /* SettingsSourceListView.swift */,
				0CA0545A288EEA4E00850554 /* SourceListEditorView.swift */,
			);
			path = SettingsViews;
			sourceTree = "<group>";
		};
		0CA148BA288903F000DE2211 /* Ferrite */ = {
			isa = PBXGroup;
			children = (
				0CBC7703288DE7E90054BE44 /* DataManagement */,
				0CA148F12889066000DE2211 /* API */,
				0C0D50E3288DFE6E0035ECC8 /* Models */,
				0CA148EF2889061600DE2211 /* ViewModels */,
				0CA148EE2889061200DE2211 /* Views */,
				0CA148C8288903F000DE2211 /* Extensions */,
				0CA148C5288903F000DE2211 /* Preview Content */,
				0CA148C7288903F000DE2211 /* FerriteApp.swift */,
				0C794B6C289EFA2E00DD1CC8 /* LaunchScreen.storyboard */,
				0CA148C2288903F000DE2211 /* Assets.xcassets */,
			);
			path = Ferrite;
			sourceTree = "<group>";
		};
		0CA148C0288903F000DE2211 /* CommonViews */ = {
			isa = PBXGroup;
			children = (
				0CA148C1288903F000DE2211 /* NavView.swift */,
				0CFEFCFC288A006200B3F490 /* GroupBoxStyle.swift */,
				0C32FB562890D1F2002BD219 /* ListRowViews.swift */,
			);
			path = CommonViews;
			sourceTree = "<group>";
		};
		0CA148C5288903F000DE2211 /* Preview Content */ = {
			isa = PBXGroup;
			children = (
				0CA148C6288903F000DE2211 /* Preview Assets.xcassets */,
			);
			path = "Preview Content";
			sourceTree = "<group>";
		};
		0CA148C8288903F000DE2211 /* Extensions */ = {
			isa = PBXGroup;
			children = (
				0CA148C9288903F000DE2211 /* Collection.swift */,
				0CA148CA288903F000DE2211 /* Data.swift */,
				0CA148CB288903F000DE2211 /* Task.swift */,
				0C32FB542890D1BF002BD219 /* UIApplication.swift */,
			);
			path = Extensions;
			sourceTree = "<group>";
		};
		0CA148EE2889061200DE2211 /* Views */ = {
			isa = PBXGroup;
			children = (
				0C794B65289DAC9F00DD1CC8 /* SourceViews */,
				0CA148F02889062700DE2211 /* RepresentableViews */,
				0CA148C0288903F000DE2211 /* CommonViews */,
				0CA0545C288F7CB200850554 /* SettingsViews */,
				0CA148D3288903F000DE2211 /* SearchResultsView.swift */,
				0C57D4CB289032ED008534E8 /* SearchResultRDView.swift */,
				0CA148D4288903F000DE2211 /* ContentView.swift */,
				0CA148D1288903F000DE2211 /* MainView.swift */,
				0CA148BB288903F000DE2211 /* SettingsView.swift */,
				0CA148BC288903F000DE2211 /* LoginWebView.swift */,
				0CBC76FC288D914F0054BE44 /* BatchChoiceView.swift */,
				0CA148BD288903F000DE2211 /* MagnetChoiceView.swift */,
				0C0D50E6288DFF850035ECC8 /* SourcesView.swift */,
				0C32FB522890D19D002BD219 /* AboutView.swift */,
			);
			path = Views;
			sourceTree = "<group>";
		};
		0CA148EF2889061600DE2211 /* ViewModels */ = {
			isa = PBXGroup;
			children = (
				0CA148CD288903F000DE2211 /* DebridManager.swift */,
				0CA148C3288903F000DE2211 /* ScrapingViewModel.swift */,
				0CA148CF288903F000DE2211 /* ToastViewModel.swift */,
				0CBC76FE288DAAD00054BE44 /* NavigationViewModel.swift */,
				0CA05458288EE9E600850554 /* SourceManager.swift */,
			);
			path = ViewModels;
			sourceTree = "<group>";
		};
		0CA148F02889062700DE2211 /* RepresentableViews */ = {
			isa = PBXGroup;
			children = (
				0CA148CE288903F000DE2211 /* WebView.swift */,
			);
			path = RepresentableViews;
			sourceTree = "<group>";
		};
		0CA148F12889066000DE2211 /* API */ = {
			isa = PBXGroup;
			children = (
				0CA148D0288903F000DE2211 /* RealDebridWrapper.swift */,
			);
			path = API;
			sourceTree = "<group>";
		};
		0CAF1C5F286F5C0D00296F86 = {
			isa = PBXGroup;
			children = (
				0CA148BA288903F000DE2211 /* Ferrite */,
				0CAF1C69286F5C0E00296F86 /* Products */,
			);
			sourceTree = "<group>";
		};
		0CAF1C69286F5C0E00296F86 /* Products */ = {
			isa = PBXGroup;
			children = (
				0CAF1C68286F5C0E00296F86 /* Ferrite.app */,
			);
			name = Products;
			sourceTree = "<group>";
		};
		0CBC7703288DE7E90054BE44 /* DataManagement */ = {
			isa = PBXGroup;
			children = (
				0C0D50DE288DF72D0035ECC8 /* Classes */,
				0CBC7704288DE7F40054BE44 /* PersistenceController.swift */,
				0C84F4752895BE680074B7C9 /* FerriteDB.xcdatamodeld */,
			);
			path = DataManagement;
			sourceTree = "<group>";
		};
/* End PBXGroup section */

/* Begin PBXNativeTarget section */
		0CAF1C67286F5C0E00296F86 /* Ferrite */ = {
			isa = PBXNativeTarget;
			buildConfigurationList = 0CAF1C76286F5C0E00296F86 /* Build configuration list for PBXNativeTarget "Ferrite" */;
			buildPhases = (
				0CAF1C64286F5C0E00296F86 /* Sources */,
				0CAF1C65286F5C0E00296F86 /* Frameworks */,
				0CAF1C66286F5C0E00296F86 /* Resources */,
			);
			buildRules = (
			);
			dependencies = (
			);
			name = Ferrite;
			packageProductDependencies = (
				0CAF1C7A286F5C8600296F86 /* SwiftSoup */,
				0C90E32B2888E5D000C0BC89 /* ActivityView */,
				0C64A4B3288903680079976D /* Base32 */,
				0C64A4B6288903880079976D /* KeychainSwift */,
				0C4CFC452897030D00AD9FAD /* Regex */,
			);
			productName = Torrenter;
			productReference = 0CAF1C68286F5C0E00296F86 /* Ferrite.app */;
			productType = "com.apple.product-type.application";
		};
/* End PBXNativeTarget section */

/* Begin PBXProject section */
		0CAF1C60286F5C0D00296F86 /* Project object */ = {
			isa = PBXProject;
			attributes = {
				BuildIndependentTargetsInParallel = 1;
				LastSwiftUpdateCheck = 1400;
				LastUpgradeCheck = 1400;
				TargetAttributes = {
					0CAF1C67286F5C0E00296F86 = {
						CreatedOnToolsVersion = 14.0;
					};
				};
			};
			buildConfigurationList = 0CAF1C63286F5C0D00296F86 /* Build configuration list for PBXProject "Ferrite" */;
			compatibilityVersion = "Xcode 13.0";
			developmentRegion = en;
			hasScannedForEncodings = 0;
			knownRegions = (
				en,
				Base,
			);
			mainGroup = 0CAF1C5F286F5C0D00296F86;
			packageReferences = (
				0CAF1C79286F5C8600296F86 /* XCRemoteSwiftPackageReference "SwiftSoup" */,
				0C90E32A2888E5D000C0BC89 /* XCRemoteSwiftPackageReference "ActivityView" */,
				0C64A4B2288903680079976D /* XCRemoteSwiftPackageReference "Base32" */,
				0C64A4B5288903880079976D /* XCRemoteSwiftPackageReference "keychain-swift" */,
				0C4CFC442897030D00AD9FAD /* XCRemoteSwiftPackageReference "Regex" */,
			);
			productRefGroup = 0CAF1C69286F5C0E00296F86 /* Products */;
			projectDirPath = "";
			projectRoot = "";
			targets = (
				0CAF1C67286F5C0E00296F86 /* Ferrite */,
			);
		};
/* End PBXProject section */

/* Begin PBXResourcesBuildPhase section */
		0CAF1C66286F5C0E00296F86 /* Resources */ = {
			isa = PBXResourcesBuildPhase;
			buildActionMask = 2147483647;
			files = (
				0C794B6D289EFA2E00DD1CC8 /* LaunchScreen.storyboard in Resources */,
				0CA148DF288903F000DE2211 /* Preview Assets.xcassets in Resources */,
				0CA148DC288903F000DE2211 /* Assets.xcassets in Resources */,
			);
			runOnlyForDeploymentPostprocessing = 0;
		};
/* End PBXResourcesBuildPhase section */

/* Begin PBXSourcesBuildPhase section */
		0CAF1C64286F5C0E00296F86 /* Sources */ = {
			isa = PBXSourcesBuildPhase;
			buildActionMask = 2147483647;
			files = (
				0C0D50E5288DFE7F0035ECC8 /* SourceModels.swift in Sources */,
				0C32FB532890D19D002BD219 /* AboutView.swift in Sources */,
				0C84F4832895BFED0074B7C9 /* Source+CoreDataProperties.swift in Sources */,
				0CA148DB288903F000DE2211 /* NavView.swift in Sources */,
				0C750745289B003E004B3906 /* SourceRssParser+CoreDataProperties.swift in Sources */,
				0CBC7705288DE7F40054BE44 /* PersistenceController.swift in Sources */,
				0CA0545B288EEA4E00850554 /* SourceListEditorView.swift in Sources */,
				0C84F4872895BFED0074B7C9 /* SourceList+CoreDataProperties.swift in Sources */,
				0C794B6B289DACF100DD1CC8 /* SourceCatalogView.swift in Sources */,
				0CA148E9288903F000DE2211 /* MainView.swift in Sources */,
				0CBC76FD288D914F0054BE44 /* BatchChoiceView.swift in Sources */,
				0CF501F2289AE06A0099C785 /* SourceTracker+CoreDataClass.swift in Sources */,
				0C32FB552890D1BF002BD219 /* UIApplication.swift in Sources */,
				0C0D50E7288DFF850035ECC8 /* SourcesView.swift in Sources */,
				0CA148EC288903F000DE2211 /* ContentView.swift in Sources */,
				0CA148E1288903F000DE2211 /* Collection.swift in Sources */,
				0C750744289B003E004B3906 /* SourceRssParser+CoreDataClass.swift in Sources */,
				0C794B69289DACC800DD1CC8 /* InstalledSourceView.swift in Sources */,
				0C79DC082899AF3C003F1C5A /* SourceSeedLeech+CoreDataProperties.swift in Sources */,
				0CA148DD288903F000DE2211 /* ScrapingViewModel.swift in Sources */,
				0CA148D8288903F000DE2211 /* MagnetChoiceView.swift in Sources */,
				0C84F4862895BFED0074B7C9 /* SourceList+CoreDataClass.swift in Sources */,
				0CA148E3288903F000DE2211 /* Task.swift in Sources */,
				0CA148E7288903F000DE2211 /* ToastViewModel.swift in Sources */,
				0CFEFCFD288A006200B3F490 /* GroupBoxStyle.swift in Sources */,
				0C79DC072899AF3C003F1C5A /* SourceSeedLeech+CoreDataClass.swift in Sources */,
				0C794B67289DACB600DD1CC8 /* SourceUpdateButtonView.swift in Sources */,
				0CA148E6288903F000DE2211 /* WebView.swift in Sources */,
				0C4CFC4E28970C8B00AD9FAD /* SourceComplexQuery+CoreDataProperties.swift in Sources */,
				0CA148E2288903F000DE2211 /* Data.swift in Sources */,
				0C57D4CC289032ED008534E8 /* SearchResultRDView.swift in Sources */,
				0CA05459288EE9E600850554 /* SourceManager.swift in Sources */,
				0C84F4772895BE680074B7C9 /* FerriteDB.xcdatamodeld in Sources */,
				0C733287289C4C820058D1FE /* SourceSettingsView.swift in Sources */,
				0CA05457288EE58200850554 /* SettingsSourceListView.swift in Sources */,
				0CF501F3289AE06A0099C785 /* SourceTracker+CoreDataProperties.swift in Sources */,
				0CA148DE288903F000DE2211 /* RealDebridModels.swift in Sources */,
				0CBC76FF288DAAD00054BE44 /* NavigationViewModel.swift in Sources */,
				0C4CFC4D28970C8B00AD9FAD /* SourceComplexQuery+CoreDataClass.swift in Sources */,
				0CA148E8288903F000DE2211 /* RealDebridWrapper.swift in Sources */,
				0CA148D6288903F000DE2211 /* SettingsView.swift in Sources */,
				0CA148E5288903F000DE2211 /* DebridManager.swift in Sources */,
				0C84F4842895BFED0074B7C9 /* SourceHtmlParser+CoreDataClass.swift in Sources */,
				0C32FB572890D1F2002BD219 /* ListRowViews.swift in Sources */,
				0C84F4822895BFED0074B7C9 /* Source+CoreDataClass.swift in Sources */,
				0C84F4852895BFED0074B7C9 /* SourceHtmlParser+CoreDataProperties.swift in Sources */,
				0CA148EB288903F000DE2211 /* SearchResultsView.swift in Sources */,
				0CA148D7288903F000DE2211 /* LoginWebView.swift in Sources */,
				0CA148E0288903F000DE2211 /* FerriteApp.swift in Sources */,
			);
			runOnlyForDeploymentPostprocessing = 0;
		};
/* End PBXSourcesBuildPhase section */

/* Begin XCBuildConfiguration section */
		0CAF1C74286F5C0E00296F86 /* Debug */ = {
			isa = XCBuildConfiguration;
			buildSettings = {
				ALWAYS_SEARCH_USER_PATHS = NO;
				CLANG_ANALYZER_NONNULL = YES;
				CLANG_ANALYZER_NUMBER_OBJECT_CONVERSION = YES_AGGRESSIVE;
				CLANG_CXX_LANGUAGE_STANDARD = "gnu++17";
				CLANG_ENABLE_MODULES = YES;
				CLANG_ENABLE_OBJC_ARC = YES;
				CLANG_ENABLE_OBJC_WEAK = YES;
				CLANG_WARN_BLOCK_CAPTURE_AUTORELEASING = YES;
				CLANG_WARN_BOOL_CONVERSION = YES;
				CLANG_WARN_COMMA = YES;
				CLANG_WARN_CONSTANT_CONVERSION = YES;
				CLANG_WARN_DEPRECATED_OBJC_IMPLEMENTATIONS = YES;
				CLANG_WARN_DIRECT_OBJC_ISA_USAGE = YES_ERROR;
				CLANG_WARN_DOCUMENTATION_COMMENTS = YES;
				CLANG_WARN_EMPTY_BODY = YES;
				CLANG_WARN_ENUM_CONVERSION = YES;
				CLANG_WARN_INFINITE_RECURSION = YES;
				CLANG_WARN_INT_CONVERSION = YES;
				CLANG_WARN_NON_LITERAL_NULL_CONVERSION = YES;
				CLANG_WARN_OBJC_IMPLICIT_RETAIN_SELF = YES;
				CLANG_WARN_OBJC_LITERAL_CONVERSION = YES;
				CLANG_WARN_OBJC_ROOT_CLASS = YES_ERROR;
				CLANG_WARN_QUOTED_INCLUDE_IN_FRAMEWORK_HEADER = YES;
				CLANG_WARN_RANGE_LOOP_ANALYSIS = YES;
				CLANG_WARN_STRICT_PROTOTYPES = YES;
				CLANG_WARN_SUSPICIOUS_MOVE = YES;
				CLANG_WARN_UNGUARDED_AVAILABILITY = YES_AGGRESSIVE;
				CLANG_WARN_UNREACHABLE_CODE = YES;
				CLANG_WARN__DUPLICATE_METHOD_MATCH = YES;
				COPY_PHASE_STRIP = NO;
				DEBUG_INFORMATION_FORMAT = dwarf;
				ENABLE_STRICT_OBJC_MSGSEND = YES;
				ENABLE_TESTABILITY = YES;
				GCC_C_LANGUAGE_STANDARD = gnu11;
				GCC_DYNAMIC_NO_PIC = NO;
				GCC_NO_COMMON_BLOCKS = YES;
				GCC_OPTIMIZATION_LEVEL = 0;
				GCC_PREPROCESSOR_DEFINITIONS = (
					"DEBUG=1",
					"$(inherited)",
				);
				GCC_WARN_64_TO_32_BIT_CONVERSION = YES;
				GCC_WARN_ABOUT_RETURN_TYPE = YES_ERROR;
				GCC_WARN_UNDECLARED_SELECTOR = YES;
				GCC_WARN_UNINITIALIZED_AUTOS = YES_AGGRESSIVE;
				GCC_WARN_UNUSED_FUNCTION = YES;
				GCC_WARN_UNUSED_VARIABLE = YES;
				IPHONEOS_DEPLOYMENT_TARGET = 15.0;
				MTL_ENABLE_DEBUG_INFO = INCLUDE_SOURCE;
				MTL_FAST_MATH = YES;
				ONLY_ACTIVE_ARCH = YES;
				SDKROOT = iphoneos;
				SWIFT_ACTIVE_COMPILATION_CONDITIONS = DEBUG;
				SWIFT_OPTIMIZATION_LEVEL = "-Onone";
			};
			name = Debug;
		};
		0CAF1C75286F5C0E00296F86 /* Release */ = {
			isa = XCBuildConfiguration;
			buildSettings = {
				ALWAYS_SEARCH_USER_PATHS = NO;
				CLANG_ANALYZER_NONNULL = YES;
				CLANG_ANALYZER_NUMBER_OBJECT_CONVERSION = YES_AGGRESSIVE;
				CLANG_CXX_LANGUAGE_STANDARD = "gnu++17";
				CLANG_ENABLE_MODULES = YES;
				CLANG_ENABLE_OBJC_ARC = YES;
				CLANG_ENABLE_OBJC_WEAK = YES;
				CLANG_WARN_BLOCK_CAPTURE_AUTORELEASING = YES;
				CLANG_WARN_BOOL_CONVERSION = YES;
				CLANG_WARN_COMMA = YES;
				CLANG_WARN_CONSTANT_CONVERSION = YES;
				CLANG_WARN_DEPRECATED_OBJC_IMPLEMENTATIONS = YES;
				CLANG_WARN_DIRECT_OBJC_ISA_USAGE = YES_ERROR;
				CLANG_WARN_DOCUMENTATION_COMMENTS = YES;
				CLANG_WARN_EMPTY_BODY = YES;
				CLANG_WARN_ENUM_CONVERSION = YES;
				CLANG_WARN_INFINITE_RECURSION = YES;
				CLANG_WARN_INT_CONVERSION = YES;
				CLANG_WARN_NON_LITERAL_NULL_CONVERSION = YES;
				CLANG_WARN_OBJC_IMPLICIT_RETAIN_SELF = YES;
				CLANG_WARN_OBJC_LITERAL_CONVERSION = YES;
				CLANG_WARN_OBJC_ROOT_CLASS = YES_ERROR;
				CLANG_WARN_QUOTED_INCLUDE_IN_FRAMEWORK_HEADER = YES;
				CLANG_WARN_RANGE_LOOP_ANALYSIS = YES;
				CLANG_WARN_STRICT_PROTOTYPES = YES;
				CLANG_WARN_SUSPICIOUS_MOVE = YES;
				CLANG_WARN_UNGUARDED_AVAILABILITY = YES_AGGRESSIVE;
				CLANG_WARN_UNREACHABLE_CODE = YES;
				CLANG_WARN__DUPLICATE_METHOD_MATCH = YES;
				COPY_PHASE_STRIP = NO;
				DEBUG_INFORMATION_FORMAT = "dwarf-with-dsym";
				ENABLE_NS_ASSERTIONS = NO;
				ENABLE_STRICT_OBJC_MSGSEND = YES;
				GCC_C_LANGUAGE_STANDARD = gnu11;
				GCC_NO_COMMON_BLOCKS = YES;
				GCC_WARN_64_TO_32_BIT_CONVERSION = YES;
				GCC_WARN_ABOUT_RETURN_TYPE = YES_ERROR;
				GCC_WARN_UNDECLARED_SELECTOR = YES;
				GCC_WARN_UNINITIALIZED_AUTOS = YES_AGGRESSIVE;
				GCC_WARN_UNUSED_FUNCTION = YES;
				GCC_WARN_UNUSED_VARIABLE = YES;
				IPHONEOS_DEPLOYMENT_TARGET = 15.0;
				MTL_ENABLE_DEBUG_INFO = NO;
				MTL_FAST_MATH = YES;
				SDKROOT = iphoneos;
				SWIFT_COMPILATION_MODE = wholemodule;
				SWIFT_OPTIMIZATION_LEVEL = "-O";
				VALIDATE_PRODUCT = YES;
			};
			name = Release;
		};
		0CAF1C77286F5C0E00296F86 /* Debug */ = {
			isa = XCBuildConfiguration;
			buildSettings = {
				ASSETCATALOG_COMPILER_APPICON_NAME = AppIcon;
				ASSETCATALOG_COMPILER_GLOBAL_ACCENT_COLOR_NAME = AccentColor;
				CODE_SIGN_STYLE = Automatic;
				CURRENT_PROJECT_VERSION = 4;
				DEVELOPMENT_ASSET_PATHS = "\"Ferrite/Preview Content\"";
				DEVELOPMENT_TEAM = 8A74DBQ6S3;
				ENABLE_PREVIEWS = YES;
				GENERATE_INFOPLIST_FILE = YES;
				INFOPLIST_KEY_CFBundleDisplayName = Ferrite;
				INFOPLIST_KEY_LSApplicationCategoryType = "public.app-category.entertainment";
				INFOPLIST_KEY_UIApplicationSceneManifest_Generation = YES;
				INFOPLIST_KEY_UIApplicationSupportsIndirectInputEvents = YES;
				INFOPLIST_KEY_UILaunchScreen_Generation = NO;
				INFOPLIST_KEY_UILaunchStoryboardName = LaunchScreen;
				INFOPLIST_KEY_UISupportedInterfaceOrientations_iPad = "UIInterfaceOrientationPortrait UIInterfaceOrientationPortraitUpsideDown UIInterfaceOrientationLandscapeLeft UIInterfaceOrientationLandscapeRight";
				INFOPLIST_KEY_UISupportedInterfaceOrientations_iPhone = "UIInterfaceOrientationPortrait UIInterfaceOrientationLandscapeLeft UIInterfaceOrientationLandscapeRight";
				LD_RUNPATH_SEARCH_PATHS = (
					"$(inherited)",
					"@executable_path/Frameworks",
				);
				MARKETING_VERSION = 0.2.0;
				PRODUCT_BUNDLE_IDENTIFIER = me.kingbri.Ferrite;
				PRODUCT_NAME = "$(TARGET_NAME)";
				SWIFT_EMIT_LOC_STRINGS = YES;
				SWIFT_VERSION = 5.0;
				TARGETED_DEVICE_FAMILY = "1,2";
			};
			name = Debug;
		};
		0CAF1C78286F5C0E00296F86 /* Release */ = {
			isa = XCBuildConfiguration;
			buildSettings = {
				ASSETCATALOG_COMPILER_APPICON_NAME = AppIcon;
				ASSETCATALOG_COMPILER_GLOBAL_ACCENT_COLOR_NAME = AccentColor;
				CODE_SIGN_STYLE = Automatic;
				CURRENT_PROJECT_VERSION = 4;
				DEVELOPMENT_ASSET_PATHS = "\"Ferrite/Preview Content\"";
				DEVELOPMENT_TEAM = 8A74DBQ6S3;
				ENABLE_PREVIEWS = YES;
				GENERATE_INFOPLIST_FILE = YES;
				INFOPLIST_KEY_CFBundleDisplayName = Ferrite;
				INFOPLIST_KEY_LSApplicationCategoryType = "public.app-category.entertainment";
				INFOPLIST_KEY_UIApplicationSceneManifest_Generation = YES;
				INFOPLIST_KEY_UIApplicationSupportsIndirectInputEvents = YES;
				INFOPLIST_KEY_UILaunchScreen_Generation = NO;
				INFOPLIST_KEY_UILaunchStoryboardName = LaunchScreen;
				INFOPLIST_KEY_UISupportedInterfaceOrientations_iPad = "UIInterfaceOrientationPortrait UIInterfaceOrientationPortraitUpsideDown UIInterfaceOrientationLandscapeLeft UIInterfaceOrientationLandscapeRight";
				INFOPLIST_KEY_UISupportedInterfaceOrientations_iPhone = "UIInterfaceOrientationPortrait UIInterfaceOrientationLandscapeLeft UIInterfaceOrientationLandscapeRight";
				LD_RUNPATH_SEARCH_PATHS = (
					"$(inherited)",
					"@executable_path/Frameworks",
				);
				MARKETING_VERSION = 0.2.0;
				PRODUCT_BUNDLE_IDENTIFIER = me.kingbri.Ferrite;
				PRODUCT_NAME = "$(TARGET_NAME)";
				SWIFT_EMIT_LOC_STRINGS = YES;
				SWIFT_VERSION = 5.0;
				TARGETED_DEVICE_FAMILY = "1,2";
			};
			name = Release;
		};
/* End XCBuildConfiguration section */

/* Begin XCConfigurationList section */
		0CAF1C63286F5C0D00296F86 /* Build configuration list for PBXProject "Ferrite" */ = {
			isa = XCConfigurationList;
			buildConfigurations = (
				0CAF1C74286F5C0E00296F86 /* Debug */,
				0CAF1C75286F5C0E00296F86 /* Release */,
			);
			defaultConfigurationIsVisible = 0;
			defaultConfigurationName = Release;
		};
		0CAF1C76286F5C0E00296F86 /* Build configuration list for PBXNativeTarget "Ferrite" */ = {
			isa = XCConfigurationList;
			buildConfigurations = (
				0CAF1C77286F5C0E00296F86 /* Debug */,
				0CAF1C78286F5C0E00296F86 /* Release */,
			);
			defaultConfigurationIsVisible = 0;
			defaultConfigurationName = Release;
		};
/* End XCConfigurationList section */

/* Begin XCRemoteSwiftPackageReference section */
		0C4CFC442897030D00AD9FAD /* XCRemoteSwiftPackageReference "Regex" */ = {
			isa = XCRemoteSwiftPackageReference;
			repositoryURL = "https://github.com/sindresorhus/Regex";
			requirement = {
				branch = main;
				kind = branch;
			};
		};
		0C64A4B2288903680079976D /* XCRemoteSwiftPackageReference "Base32" */ = {
			isa = XCRemoteSwiftPackageReference;
			repositoryURL = "https://github.com/norio-nomura/Base32";
			requirement = {
				branch = master;
				kind = branch;
			};
		};
		0C64A4B5288903880079976D /* XCRemoteSwiftPackageReference "keychain-swift" */ = {
			isa = XCRemoteSwiftPackageReference;
			repositoryURL = "https://github.com/evgenyneu/keychain-swift.git";
			requirement = {
				branch = master;
				kind = branch;
			};
		};
		0C90E32A2888E5D000C0BC89 /* XCRemoteSwiftPackageReference "ActivityView" */ = {
			isa = XCRemoteSwiftPackageReference;
			repositoryURL = "https://github.com/SwiftUI-Plus/ActivityView.git";
			requirement = {
				kind = upToNextMajorVersion;
				minimumVersion = 1.0.0;
			};
		};
		0CAF1C79286F5C8600296F86 /* XCRemoteSwiftPackageReference "SwiftSoup" */ = {
			isa = XCRemoteSwiftPackageReference;
			repositoryURL = "https://github.com/scinfu/SwiftSoup.git";
			requirement = {
				kind = upToNextMajorVersion;
				minimumVersion = 2.0.0;
			};
		};
/* End XCRemoteSwiftPackageReference section */

/* Begin XCSwiftPackageProductDependency section */
		0C4CFC452897030D00AD9FAD /* Regex */ = {
			isa = XCSwiftPackageProductDependency;
			package = 0C4CFC442897030D00AD9FAD /* XCRemoteSwiftPackageReference "Regex" */;
			productName = Regex;
		};
		0C64A4B3288903680079976D /* Base32 */ = {
			isa = XCSwiftPackageProductDependency;
			package = 0C64A4B2288903680079976D /* XCRemoteSwiftPackageReference "Base32" */;
			productName = Base32;
		};
		0C64A4B6288903880079976D /* KeychainSwift */ = {
			isa = XCSwiftPackageProductDependency;
			package = 0C64A4B5288903880079976D /* XCRemoteSwiftPackageReference "keychain-swift" */;
			productName = KeychainSwift;
		};
		0C90E32B2888E5D000C0BC89 /* ActivityView */ = {
			isa = XCSwiftPackageProductDependency;
			package = 0C90E32A2888E5D000C0BC89 /* XCRemoteSwiftPackageReference "ActivityView" */;
			productName = ActivityView;
		};
		0CAF1C7A286F5C8600296F86 /* SwiftSoup */ = {
			isa = XCSwiftPackageProductDependency;
			package = 0CAF1C79286F5C8600296F86 /* XCRemoteSwiftPackageReference "SwiftSoup" */;
			productName = SwiftSoup;
		};
/* End XCSwiftPackageProductDependency section */

/* Begin XCVersionGroup section */
		0C84F4752895BE680074B7C9 /* FerriteDB.xcdatamodeld */ = {
			isa = XCVersionGroup;
			children = (
				0C84F4762895BE680074B7C9 /* FerriteDB.xcdatamodel */,
			);
			currentVersion = 0C84F4762895BE680074B7C9 /* FerriteDB.xcdatamodel */;
			path = FerriteDB.xcdatamodeld;
			sourceTree = "<group>";
			versionGroupType = wrapper.xcdatamodel;
		};
/* End XCVersionGroup section */
	};
	rootObject = 0CAF1C60286F5C0D00296F86 /* Project object */;
}
